{
  "version": 1,
  "dependencies": {
    "net10.0-windows7.0": {
      "Catel.Analyzers": {
        "type": "Direct",
        "requested": "[7.0.0-alpha0322, )",
        "resolved": "7.0.0-alpha0322",
        "contentHash": "4/PrJ7+VKG3ngtntGdJcI9R5mv4Q9lC3AtO3e25i4OyKwB7t1L7qeVno/g/zO+l/brhW8kQ7O0b9ibCLMGEI2Q=="
      },
      "Catel.Fody": {
        "type": "Direct",
        "requested": "[7.1.0, )",
        "resolved": "7.1.0",
        "contentHash": "yQRSbfzZp5UDQlzYiRa4oWnCsgEl++yjaFUIQCnBAhbC128VkkxSjtF2kLHQBOUoRp2dBYXZ9GDA/NQ1JykKCg==",
        "dependencies": {
          "Fody": "6.9.3"
        }
      },
      "CatenaLogic.Analyzers": {
        "type": "Direct",
        "requested": "[1.5.0, )",
        "resolved": "1.5.0",
        "contentHash": "uBhAhVkEMMSFznzjo5ahaD+0y+4oXBZEMbQ0T/IvlehaQkLxIMAeaZS8HTL4barZVOWV63ctGhstwBDQEm5CnA=="
      },
      "Fody": {
        "type": "Direct",
        "requested": "[6.9.3, )",
        "resolved": "6.9.3",
        "contentHash": "1CUGgFdyECDKgi5HaUBhdv6k+VG9Iy4OCforGfHyar3xQXAJypZkzymgKtWj/4SPd6nSG0Qi7NH71qHrDSZLaA=="
      },
      "IDisposableAnalyzers": {
        "type": "Direct",
        "requested": "[4.0.8, )",
        "resolved": "4.0.8",
        "contentHash": "vNi4NMG0CcJyjXxiNDcQ21FwV/whM9o9OEZKD+oP7tuxAqFEzX/x5OhC3OZJqW/w+8GOtCmJPBquYgMWgz0rfQ=="
      },
      "Microsoft.Extensions.Logging.Console": {
        "type": "Direct",
        "requested": "[10.0.*, )",
        "resolved": "10.0.12",
        "contentHash": "nHvaR8gO0CdEfG324KdUsP3Hqgdf1licZb+UlNh5pFYw7+o8QYTmiMgFmwayE/LPSpaqND/Qn3xHa1cI9b8x0w==",
        "dependencies": {
          "Microsoft.Extensions.DependencyInjection.Abstractions": "10.0.12",
          "Microsoft.Extensions.Logging": "10.0.12",
          "Microsoft.Extensions.Logging.Abstractions": "10.0.12",
          "Microsoft.Extensions.Logging.Configuration": "10.0.12",
          "Microsoft.Extensions.Options": "10.0.12"
        }
      },
      "Microsoft.Extensions.Logging.Debug": {
        "type": "Direct",
        "requested": "[10.0.*, )",
        "resolved": "10.0.12",
        "contentHash": "dEvvABq9Qgfu/SgTncXDjCshcJmgO97bLOnMAuqBDSonlk4+VXlKJMHPak+S78TlOxJ47+gY7vPgVukJsr69gg==",
        "dependencies": {
          "Microsoft.Extensions.DependencyInjection.Abstractions": "10.0.12",
          "Microsoft.Extensions.Logging": "10.0.12",
          "Microsoft.Extensions.Logging.Abstractions": "10.0.12"
        }
      },
      "Microsoft.NET.Test.Sdk": {
        "type": "Direct",
        "requested": "[18.10.1, )",
        "resolved": "18.10.1",
        "contentHash": "SxCFvJE/2ltUQgCgv6+Ixagohw4sZc9hM7Wid2foaNM7paBscktoHLoRDz91fW8wbHG87Rg9Ku59/8PXumqUrA==",
        "dependencies": {
          "Microsoft.CodeCoverage": "18.10.1",
          "Microsoft.TestPlatform.TestHost": "18.10.1"
        }
      },
      "Moq": {
        "type": "Direct",
        "requested": "[4.21.0, )",
        "resolved": "4.21.0",
        "contentHash": "HUjrhhzEJ/AfbSBCnR8lPkpveVGpV/dNuOlnpfqBNTME93izly1CRV4N5zBySqz4m2yCRlHLPy/PnPzYokbwIg==",
        "dependencies": {
          "Castle.Core": "5.2.1"
        }
      },
      "NUnit": {
        "type": "Direct",
        "requested": "[4.6.1, )",
        "resolved": "4.6.1",
        "contentHash": "xS4+YaBFUv1r8bcAbjitSfYaRZGfMwUiMdiaRziBXZpKgVxKDSHhjUn0mV5mObHGZRZq6eNa+WFWr3g8grj66A=="
      },
      "NUnit.Analyzers": {
        "type": "Direct",
        "requested": "[4.15.0, )",
        "resolved": "4.15.0",
        "contentHash": "WbZpZI/gmrmTcb8JnP8poJBD4V6hJs2RRIQAmNxQ763t7RktZ/d6xxuU08XAd4K6SpnF0Bm02ADqL2wZ0CNIQA=="
      },
      "NUnit3TestAdapter": {
        "type": "Direct",
        "requested": "[6.3.0, )",
        "resolved": "6.3.0",
        "contentHash": "8ZD+0dIfDHsL4w4Gl/LPxWH0O4ky3hFXqTZjY+ry0ThI3cMVErr9Tjxal5O5wJxGXh50a9qkDEAWVca8KQYCEw==",
        "dependencies": {
          "Microsoft.Extensions.DependencyModel": "8.0.2",
          "Microsoft.Testing.Extensions.VSTestBridge": "2.3.3",
          "Microsoft.Testing.Platform.MSBuild": "2.3.3"
        }
      },
      "PublicApiGenerator": {
        "type": "Direct",
        "requested": "[11.5.4, )",
        "resolved": "11.5.4",
        "contentHash": "Va382WG4Vng8kCtDaAP5solqbhayMMlW1E+e/DV/w39yJPybmMgy8fbdUvvQgG93EMILx7JtJbGS1HRhVNTUVQ==",
        "dependencies": {
          "Mono.Cecil": "0.11.6"
        }
      },
      "SourceLink.Copy.PdbFiles": {
        "type": "Direct",
        "requested": "[2.8.3, )",
        "resolved": "2.8.3",
        "contentHash": "cxlw1QHd/J7lOtSZ45VZMOsF/YSOlwZy0fCkauo9Ib9vOv+zGzjm9q3D8qGyMII0Zz1GSmli/oxhmUNuYUpc1g=="
      },
      "Verify.NUnit": {
        "type": "Direct",
        "requested": "[33.1.1, )",
        "resolved": "33.1.1",
        "contentHash": "fCZwrLNnky52pobradA2SmMZCRsdX6DoLWUHilOkK5Z95l+F3OnSMBEE750OHugot9N0ekWmJIj9NBcoxHpJZw==",
        "dependencies": {
          "Argon": "0.37.0",
          "DiffEngine": "20.3.1",
          "NUnit": "4.6.1",
          "SimpleInfoName": "3.2.0",
          "Verify": "33.1.1"
        }
      },
      "WpfAnalyzers": {
        "type": "Direct",
        "requested": "[4.1.1, )",
        "resolved": "4.1.1",
        "contentHash": "4+oLAk4gB4Wqn0ozKstB6fY9BafSU6c6GEgWjgOThyzHFBVqxihkS/1OmvEaYJnhjNUA/GOcZ6m2B7Xr2EePNw=="
      },
      "Argon": {
        "type": "Transitive",
        "resolved": "0.37.0",
        "contentHash": "fJpWfnU8MurN+5tTyINxFTn83Twh1iOVLb99VyG/59qcQQm2kGC2hvntyHP6ZmVJ6afm6VCz4EcuTYSR/WpCdQ=="
      },
      "Castle.Core": {
        "type": "Transitive",
        "resolved": "5.2.1",
        "contentHash": "wHARzQA695jwwKreOzNsq54KiGqKP38tv8hi8e2FXDEC/sA6BtrX90tVPDkOfVu13PbEzr00TCV8coikl+D1Iw=="
      },
      "Catel.Core": {
        "type": "Transitive",
        "resolved": "7.0.1",
        "contentHash": "5qPz48rEmScoxaSDbwjJlEKOfSvmWgY7WaZnpl2OtmXS/8sgRgCtTaJIomJ41+I1E90ln7230lW1ldUOLghGoA==",
        "dependencies": {
          "Microsoft.Extensions.Configuration.Json": "10.0.11",
          "Microsoft.Extensions.DependencyInjection": "10.0.11",
          "Microsoft.Extensions.Logging.Abstractions": "10.0.11"
        }
      },
      "Catel.MVVM": {
        "type": "Transitive",
        "resolved": "7.0.1",
        "contentHash": "Xi0YNsSBHlySyLxxfvcbnDZ9GEQqoM/RTc4zVGHOeeUzgzpNFabwFd1mp+gfXjYuGQrWqo6BZRumMIid8zW7RQ==",
        "dependencies": {
          "Catel.Core": "7.0.1",
          "Microsoft.Xaml.Behaviors.Wpf": "1.1.158",
          "System.ComponentModel.Annotations": "5.0.0"
        }
      },
      "ControlzEx": {
        "type": "Transitive",
        "resolved": "7.0.4",
        "contentHash": "IDSQItUCLC8hhI6VXaAHA8WWKmlRBYC/f+fG2YKGUyIMYi477Enr6IROc48MikyONDrbjr4MtWT5Zhk+N+1dEg==",
        "dependencies": {
          "Microsoft.Xaml.Behaviors.Wpf": "1.1.135"
        }
      },
      "DiffEngine": {
        "type": "Transitive",
        "resolved": "20.3.1",
        "contentHash": "3oOgllnK7IMS5fzlrkSxNM49wepIS36cxOfVzxSAdj0svWN6tw5teo3aERFABwKZcz2tko52ONvmfLUba0uiag==",
        "dependencies": {
          "EmptyFiles": "8.18.2"
        }
      },
      "EmptyFiles": {
        "type": "Transitive",
        "resolved": "8.18.2",
        "contentHash": "9TKkDyiREYxgTDeoBrVlmBP83w7Hjhj5sDACQhketSgRhgaXRKpjPW7sazx3PEOg0i5PbrwLjoJG9caavf69hg=="
      },
      "Fluent.Ribbon": {
        "type": "Transitive",
        "resolved": "11.0.2",
        "contentHash": "1CEE9TIuZt4TemUcV6DaBsQ17eYRXtuj+fJ0i4tbtm7XTa/n7lHS6wfKsfeBDx9QhNeiWB+Idz2E06CNe9mYtw==",
        "dependencies": {
          "ControlzEx": "7.0.3"
        }
      },
      "Microsoft-WindowsAPICodePack-Core": {
        "type": "Transitive",
        "resolved": "1.1.5",
        "contentHash": "3feeT5wxrH/T4YmoZwCglVrUw6aS4+WJLA3FRADLVT2J85/zjptrCikvGNcLI1+gDeoI1AZ4w45gF2FvBv6eQw=="
      },
      "Microsoft-WindowsAPICodePack-Shell": {
        "type": "Transitive",
        "resolved": "1.1.5",
        "contentHash": "lZ+oIxvTp1Ph0YrzFl3AKcrry7OCfi0awf43nrGwodWqDlFASktZ+pN532rbU/5o09irYjxVu1m3UxO5L1H8fw==",
        "dependencies": {
          "Microsoft-WindowsAPICodePack-Core": "1.1.5"
        }
      },
      "Microsoft.ApplicationInsights": {
        "type": "Transitive",
        "resolved": "2.23.0",
        "contentHash": "nWArUZTdU7iqZLycLKWe0TDms48KKGE6pONH2terYNa8REXiqixrMOkf1sk5DHGMaUTqONU2YkS4SAXBhLStgw=="
      },
      "Microsoft.CodeCoverage": {
        "type": "Transitive",
        "resolved": "18.10.1",
        "contentHash": "tV7tCyp/t+DuwQugLkCeUN7NBFFB4fEGRPr0gkMQ2nQgAvQQjmGlZZi1dsLzbyoe/A0mbnKybmkIh8qhT9p4Zw=="
      },
      "Microsoft.Extensions.Configuration": {
        "type": "Transitive",
        "resolved": "10.0.12",
        "contentHash": "e3IPP32CRNL031VZJAUTlCTG0YN7WFh4mN3fsSHTDQCJB+3+f0jGycv4fXk3rrftaY3B85XrQaj7sRthrOsavg==",
        "dependencies": {
          "Microsoft.Extensions.Configuration.Abstractions": "10.0.12",
          "Microsoft.Extensions.Primitives": "10.0.12"
        }
      },
      "Microsoft.Extensions.Configuration.Abstractions": {
        "type": "Transitive",
        "resolved": "10.0.12",
        "contentHash": "8xaGcvS/qZ1otoxPQCEJkNva389CVL/plNcvIETZhQTETYdRkYDPEYhUMoAGONo4FU45ufdfE0j29AfWVVj0wA==",
        "dependencies": {
          "Microsoft.Extensions.Primitives": "10.0.12"
        }
      },
      "Microsoft.Extensions.Configuration.Binder": {
        "type": "Transitive",
        "resolved": "10.0.12",
        "contentHash": "dAgIf1TOr8KLs+aBRIbXUZBjHoSH4rDG8+XkX/Q6AZwkQdMA0+yPDKTHsieeXdZDfpOpZVHzOnuAb5Z2nX3KsA==",
        "dependencies": {
          "Microsoft.Extensions.Configuration": "10.0.12",
          "Microsoft.Extensions.Configuration.Abstractions": "10.0.12"
        }
      },
      "Microsoft.Extensions.Configuration.FileExtensions": {
        "type": "Transitive",
        "resolved": "10.0.11",
        "contentHash": "mDW7KVFB05M6jiRUyaZiOMWhS31n5HlSZwoYctHAZAucD4sMDJ70IxOmkGDt6RpstchD+keWBjhdzcMpSkWvWQ==",
        "dependencies": {
          "Microsoft.Extensions.Configuration": "10.0.11",
          "Microsoft.Extensions.Configuration.Abstractions": "10.0.11",
          "Microsoft.Extensions.FileProviders.Abstractions": "10.0.11",
          "Microsoft.Extensions.FileProviders.Physical": "10.0.11",
          "Microsoft.Extensions.Primitives": "10.0.11"
        }
      },
      "Microsoft.Extensions.Configuration.Json": {
        "type": "Transitive",
        "resolved": "10.0.11",
        "contentHash": "nSPrT8U/cNoB4coqkmnanAMK9PsL7lsjG+LLUKEwHRFwS6E78b8S1wdv/y88EOxBhasWov1rLd7RTHmmsYPOLg==",
        "dependencies": {
          "Microsoft.Extensions.Configuration": "10.0.11",
          "Microsoft.Extensions.Configuration.Abstractions": "10.0.11",
          "Microsoft.Extensions.Configuration.FileExtensions": "10.0.11",
          "Microsoft.Extensions.FileProviders.Abstractions": "10.0.11"
        }
      },
      "Microsoft.Extensions.DependencyInjection": {
        "type": "Transitive",
        "resolved": "10.0.12",
        "contentHash": "lXyK2O5GoYvfxW8eCFcD16JFbcoSTM1sJkAM0UHS1jZyl9NYMW64Tqm6OQFT0IDBjZi+xHt95/Zg+nxZhGFhZg==",
        "dependencies": {
          "Microsoft.Extensions.DependencyInjection.Abstractions": "10.0.12"
        }
      },
      "Microsoft.Extensions.DependencyInjection.Abstractions": {
        "type": "Transitive",
        "resolved": "10.0.12",
        "contentHash": "9/qymSh7hVDMGTGwrLz8MRp5zRyXy9adGDOs4HwRdnLil3oZGYuWeZjbmHgCQ9BL1qBroVfgUK3U/nb61617Cw=="
      },
      "Microsoft.Extensions.DependencyModel": {
        "type": "Transitive",
        "resolved": "8.0.2",
        "contentHash": "mUBDZZRgZrSyFOsJ2qJJ9fXfqd/kXJwf3AiDoqLD9m6TjY5OO/vLNOb9fb4juC0487eq4hcGN/M2Rh/CKS7QYw=="
      },
      "Microsoft.Extensions.FileProviders.Abstractions": {
        "type": "Transitive",
        "resolved": "10.0.11",
        "contentHash": "JOjac6SQQgZmdmB8WGEw61/7siqMZoWJMkmq2p1goJGxqI59lO6oB4bOl0jNsbaPBdYy5Mlkb+6U7T4+CjnD8Q==",
        "dependencies": {
          "Microsoft.Extensions.Primitives": "10.0.11"
        }
      },
      "Microsoft.Extensions.FileProviders.Physical": {
        "type": "Transitive",
        "resolved": "10.0.11",
        "contentHash": "Tq/UqMaczePv9yWwSsJZRgKtgA46djVR5xHj/lZBCueQ3ag8f9v5mu0EdhrNx7tXxNk+Y9OurG2oKuSKINjr0A==",
        "dependencies": {
          "Microsoft.Extensions.FileProviders.Abstractions": "10.0.11",
          "Microsoft.Extensions.FileSystemGlobbing": "10.0.11",
          "Microsoft.Extensions.Primitives": "10.0.11"
        }
      },
      "Microsoft.Extensions.FileSystemGlobbing": {
        "type": "Transitive",
        "resolved": "10.0.11",
        "contentHash": "2i6rtW/B5rCnWCnhdmWWEmaM9O0HD0zsPY9eRqa++y4tclI3Uw8zvGbBvhY/LjAdtf8gUHhUPcAWj3DRlWMXmQ=="
      },
      "Microsoft.Extensions.Logging": {
        "type": "Transitive",
        "resolved": "10.0.12",
        "contentHash": "6I46fTPfgYkrjRYfRXbho9WOvOelTnNjWuZws/hzGHDASH1LEJeA4VKK9k3wJvido8o7jJSB5WkMTonX7HM1bA==",
        "dependencies": {
          "Microsoft.Extensions.DependencyInjection": "10.0.12",
          "Microsoft.Extensions.Logging.Abstractions": "10.0.12",
          "Microsoft.Extensions.Options": "10.0.12"
        }
      },
      "Microsoft.Extensions.Logging.Abstractions": {
        "type": "Transitive",
        "resolved": "10.0.12",
        "contentHash": "+24lC4plfbEDNfLAdTV/SWKS7dW+16X4HdydO3R++134kSNTzcbYA4KpR1Hdh6uWisB8Za3AzwyOn+K+NxWIug==",
        "dependencies": {
          "Microsoft.Extensions.DependencyInjection.Abstractions": "10.0.12"
        }
      },
      "Microsoft.Extensions.Logging.Configuration": {
        "type": "Transitive",
        "resolved": "10.0.12",
        "contentHash": "CLHWfKQZWFE6fSzRXfjd4UlGveckkfPtwx/p5yF/o3hEkMSzGsl7MSxNAkI19hjw0rprBqrQC09Dwy6Lh6kweA==",
        "dependencies": {
          "Microsoft.Extensions.Configuration": "10.0.12",
          "Microsoft.Extensions.Configuration.Abstractions": "10.0.12",
          "Microsoft.Extensions.Configuration.Binder": "10.0.12",
          "Microsoft.Extensions.DependencyInjection.Abstractions": "10.0.12",
          "Microsoft.Extensions.Logging": "10.0.12",
          "Microsoft.Extensions.Logging.Abstractions": "10.0.12",
          "Microsoft.Extensions.Options": "10.0.12",
          "Microsoft.Extensions.Options.ConfigurationExtensions": "10.0.12"
        }
      },
      "Microsoft.Extensions.Options": {
        "type": "Transitive",
        "resolved": "10.0.12",
        "contentHash": "TDYD33TSRpXKZWlmTXNlj5kCihxatmv2Ec1u6C+bMYLphCS7PoSLE9Pjd/nunDoE7yETk+LLKjVJX78HYtWjpA==",
        "dependencies": {
          "Microsoft.Extensions.DependencyInjection.Abstractions": "10.0.12",
          "Microsoft.Extensions.Primitives": "10.0.12"
        }
      },
      "Microsoft.Extensions.Options.ConfigurationExtensions": {
        "type": "Transitive",
        "resolved": "10.0.12",
        "contentHash": "rqpu4qj5WE9x1IHGXSIgHBKi7IUlQaHyp4aXCYIanG2OghlUMFZpZTgExaXwcvmLAJHsxKQWMPpc7D2WIbCVtA==",
        "dependencies": {
          "Microsoft.Extensions.Configuration.Abstractions": "10.0.12",
          "Microsoft.Extensions.Configuration.Binder": "10.0.12",
          "Microsoft.Extensions.DependencyInjection.Abstractions": "10.0.12",
          "Microsoft.Extensions.Options": "10.0.12",
          "Microsoft.Extensions.Primitives": "10.0.12"
        }
      },
      "Microsoft.Extensions.Primitives": {
        "type": "Transitive",
        "resolved": "10.0.12",
        "contentHash": "dYfCLR52UA+3DL7C4I/pvSaRPkNqxrUAQmbFL2u0zvYKKzqgrFCJl08Df+F1aYc8leu9JvpC9bsURUdpExcBXQ=="
      },
      "Microsoft.Testing.Extensions.Telemetry": {
        "type": "Transitive",
        "resolved": "2.3.3",
        "contentHash": "nY8ceQyPWB9TRE1WE5Oe/sks2e10SxgPv61vBHsFYpgCeDtNwhpMZwmL29GklO3/etTdOsLdrCmNr4zJWaR2fg==",
        "dependencies": {
          "Microsoft.ApplicationInsights": "2.23.0",
          "Microsoft.Testing.Platform": "2.3.3"
        }
      },
      "Microsoft.Testing.Extensions.TrxReport.Abstractions": {
        "type": "Transitive",
        "resolved": "2.3.3",
        "contentHash": "dceVNxnfTEjKnrIreLcMfkgrzzBY8kgCCJX5NAv7Lq/6vPlTP4VB5zxKeuYy0yfCoBtWuPkLjUG6qtOBMfpypA==",
        "dependencies": {
          "Microsoft.Testing.Platform": "2.3.3"
        }
      },
      "Microsoft.Testing.Extensions.VSTestBridge": {
        "type": "Transitive",
        "resolved": "2.3.3",
        "contentHash": "JLovZjH6K10YiHO/BcidsaSHo/M2DfOe9FDjxjFdV6aoHO6VYTTYlLBNcyLJSo20q5gDTmNvmxYVH39A942aJA==",
        "dependencies": {
          "Microsoft.TestPlatform.ObjectModel": "18.4.0",
          "Microsoft.Testing.Extensions.Telemetry": "2.3.3",
          "Microsoft.Testing.Extensions.TrxReport.Abstractions": "2.3.3",
          "Microsoft.Testing.Platform": "2.3.3"
        }
      },
      "Microsoft.Testing.Platform": {
        "type": "Transitive",
        "resolved": "2.3.3",
        "contentHash": "ENbH4BQh9riXtOKc25KKITfiGGWhWMBJA7pZuNaF9zxzzSaVkp5AMeZxGQ6sXYaR6xb724NLz985Is6XIYqLSg=="
      },
      "Microsoft.Testing.Platform.MSBuild": {
        "type": "Transitive",
        "resolved": "2.3.3",
        "contentHash": "iVAvNbZ5JPDZSrTcIrCDoCsAkzjDxwDEt2mDuMd8ng1P6e2P2NCd0g0BsoBVG+nJLSmK//V+yeEvjCa3E2fxHw==",
        "dependencies": {
          "Microsoft.Testing.Platform": "2.3.3"
        }
      },
      "Microsoft.TestPlatform.ObjectModel": {
        "type": "Transitive",
        "resolved": "18.10.1",
        "contentHash": "o+PuLDRVp1iwiVAPBADZItXgm9Ck23XtPhE4kZtZVi0uYnMiiz1Dx9Cjh75kJ+ijfqnORL3VOTOaQVKi0f/ixg=="
      },
      "Microsoft.TestPlatform.TestHost": {
        "type": "Transitive",
        "resolved": "18.10.1",
        "contentHash": "KYz2omqkoz9E2mWa4fdgT+Ycie1wi5968EmyJlusjlp87RxxtA2FvDm8tcBEYIDzLnkWGnsKjE4d13Z7/rxkQA==",
        "dependencies": {
          "Microsoft.TestPlatform.ObjectModel": "18.10.1"
        }
      },
      "Microsoft.Xaml.Behaviors.Wpf": {
        "type": "Transitive",
        "resolved": "1.1.158",
        "contentHash": "TPQyXvLV/p4/RUeSqaEOUE2pBipFlvNVdrAsTd1qgNzBoIEN2UMJHwH0SrcUFVuDWqpZbphjXiZ/fGA9WnmbTg=="
      },
      "Mono.Cecil": {
        "type": "Transitive",
        "resolved": "0.11.6",
        "contentHash": "f33RkDtZO8VlGXCtmQIviOtxgnUdym9xx/b1p9h91CRGOsJFxCFOFK1FDbVt1OCf1aWwYejUFa2MOQyFWTFjbA=="
      },
      "Orc.Automation": {
        "type": "Transitive",
        "resolved": "6.0.1",
        "contentHash": "ms8jS4DUqiJGIaMu3eA6TGbsYd96ff6s0mUPYvvCUgwRV4gTGfXAWRB5nb5b/x29kq7s67XTe56uJg0jECHNLw==",
        "dependencies": {
          "Catel.MVVM": "7.0.0",
          "Orc.Serialization.Json": "6.0.0"
        }
      },
      "Orc.Controls": {
        "type": "Transitive",
        "resolved": "6.0.0",
        "contentHash": "tqZybfFZSBVjjUszTQmiqqhQutaJQewDAy2GzmwUFRUdWNekNGJGTJJEuPZXRJeUvnolTdZos9BsPcG8QpsvMg==",
        "dependencies": {
          "Orc.Automation": "6.0.1",
          "Orc.FileSystem": "6.0.0",
          "Orc.Serialization.Json": "6.0.0",
          "Orc.Theming": "6.0.0"
        }
      },
      "Orc.FileSystem": {
        "type": "Transitive",
        "resolved": "6.0.0",
        "contentHash": "pegedVRlefzqh+qbwQ/CRos04H7IRIrAQ9VBGoEx+P1FW7/t8IX7wW6TX7ZL43znPW81GYYMWRutcPgw43uMQQ==",
        "dependencies": {
          "Catel.Core": "7.0.0"
        }
      },
      "Orc.LogViewer": {
        "type": "Transitive",
        "resolved": "6.0.0",
        "contentHash": "Aez2KiMwYGYpf88MLy+6hvN15Qa8XgltBH0C9vL1to+RVlZvTtfgq3lRzTAb4n5h+dxb8wNXglbqnmakMqQwFw==",
        "dependencies": {
          "Orc.Controls": "6.0.0"
        }
      },
      "Orc.Serialization.Json": {
        "type": "Transitive",
        "resolved": "6.0.0",
        "contentHash": "IXVqwIL/9XWPOBECnvMYpzv0Krrn3KwAaMyCOQvkFWBQUlygeUYSZz0sD9REy204m35hmJzE/q/k+Jmfb8Oz1w==",
        "dependencies": {
          "Catel.Core": "7.0.0"
        }
      },
      "Orc.SystemInfo": {
        "type": "Transitive",
        "resolved": "6.0.0",
        "contentHash": "ikX5HrEo/Gs44KKsyHG1oUTibj22Ji1Cb4Bk/XC935SVgJ7Pn0t4cRITVcwffRZz/IkOUOfkZ3P680lSBLsBcA==",
        "dependencies": {
          "Catel.Core": "7.0.0",
          "System.Management": "10.0.11"
        }
      },
      "Orc.Theming": {
        "type": "Transitive",
        "resolved": "6.0.0",
        "contentHash": "vtvT+E+R8wVQ3AtjbkH7nF7Rv1svMjCyR1XKpinTAbj87sLtpeyDvpZZluqFIAa75p061U2xKRk3HoWtcX9WnA==",
        "dependencies": {
          "Catel.MVVM": "7.0.0",
          "ControlzEx": "7.0.4"
        }
      },
      "SimpleInfoName": {
        "type": "Transitive",
        "resolved": "3.2.0",
        "contentHash": "K8ivHRbPWfncijk62Dan/r/z55gwq3aFzqB6yFlD9X0bbpIaacHyHH2cpcIdz0FECUpERUZTwxts0z4gRWpQpA=="
      },
      "System.ComponentModel.Annotations": {
        "type": "Transitive",
        "resolved": "5.0.0",
        "contentHash": "dMkqfy2el8A8/I76n2Hi1oBFEbG1SfxD2l5nhwXV3XjlnOmwxJlQbYpJH4W51odnU9sARCSAgv7S3CyAFMkpYg=="
      },
      "System.Management": {
        "type": "Transitive",
        "resolved": "10.0.11",
        "contentHash": "xyNn8KGbWI88LoUwg3rB8qcpFFST6dr8Ro/qS8GBu2GOwR0v7J82kVFHTiiPtvEKS79VbMTxs/sIKQ+Cq1Zs1g=="
      },
      "Verify": {
        "type": "Transitive",
        "resolved": "33.1.1",
        "contentHash": "uL6ZjH+AThGUEZ9IazkE/OgAIFew8/Rc8uGWJoyX/b4HvOtArO6lgo8tnlrmVPZOakVQzobpAFs83w0otzNJvw==",
        "dependencies": {
          "Argon": "0.37.0",
          "DiffEngine": "20.3.1",
          "SimpleInfoName": "3.2.0"
        }
      },
      "orchestra.core": {
        "type": "Project",
        "dependencies": {
          "Catel.MVVM": "[7.0.1, )",
          "Microsoft-WindowsAPICodePack-Core": "[1.1.5, )",
          "Microsoft-WindowsAPICodePack-Shell": "[1.1.5, )",
          "Orc.Controls": "[6.0.0, )",
          "Orc.LogViewer": "[6.0.0, )",
          "Orc.Serialization.Json": "[6.0.0, )",
          "Orc.SystemInfo": "[6.0.0, )",
          "Orc.Theming": "[6.0.0, )"
        }
      },
      "orchestra.shell.ribbon.fluent": {
        "type": "Project",
        "dependencies": {
          "Fluent.Ribbon": "[11.0.2, )",
          "Orchestra.Core": "[8.0.0-alpha0198, )"
        }
      },
      "orchestra.shell.taskrunner": {
        "type": "Project",
        "dependencies": {
          "Orc.LogViewer": "[6.0.0, )",
          "Orchestra.Core": "[8.0.0-alpha0198, )"
        }
      }
    }
  }
}