
Microsoft Visual Studio Solution File, Format Version 12.00
# Visual Studio 14
VisualStudioVersion = 14.0.22823.1
MinimumVisualStudioVersion = 10.0.40219.1
Project("{2150E333-8FDC-42A3-9474-1A3956D46DE8}") = "src", "src", "{E502625D-7CC7-401B-ACDF-678B68F59005}"
EndProject
Project("{2150E333-8FDC-42A3-9474-1A3956D46DE8}") = "lib", "lib", "{56D8171F-1ABB-4F0F-8202-304A115060BC}"
	ProjectSection(SolutionItems) = preProject
		..\lib\repositories.config = ..\lib\repositories.config
		..\lib\RestorePackages.bat = ..\lib\RestorePackages.bat
	EndProjectSection
EndProject
Project("{2150E333-8FDC-42A3-9474-1A3956D46DE8}") = "doc", "doc", "{E79574E3-17CC-4E91-9019-D3B8208561CB}"
	ProjectSection(SolutionItems) = preProject
		..\doc\faq.txt = ..\doc\faq.txt
		..\doc\history.txt = ..\doc\history.txt
		..\doc\readme.txt = ..\doc\readme.txt
		..\doc\release steps.txt = ..\doc\release steps.txt
	EndProjectSection
EndProject
Project("{2150E333-8FDC-42A3-9474-1A3956D46DE8}") = "Orchestra.Tests", "Orchestra.Tests", "{250CAB0E-A7F8-495B-B090-DB0AF1D51514}"
EndProject
Project("{2150E333-8FDC-42A3-9474-1A3956D46DE8}") = "Orchestra.Core", "Orchestra.Core", "{11B3395E-A064-4250-A1CD-8CF165E7F21F}"
EndProject
Project("{2150E333-8FDC-42A3-9474-1A3956D46DE8}") = "Orchestra.Shell", "Orchestra.Shell", "{3D709C83-E2D1-4288-84D7-CBAF3C6B1BAC}"
EndProject
Project("{FAE04EC0-301F-11D3-BF4B-00C04F79EFBC}") = "Orchestra.Core.NET40", "Orchestra.Core\Orchestra.Core\Orchestra.Core.NET40\Orchestra.Core.NET40.csproj", "{805E1F16-7A10-42A2-82BA-5012412144BB}"
EndProject
Project("{FAE04EC0-301F-11D3-BF4B-00C04F79EFBC}") = "Orchestra.Tests.NET40", "Orchestra.Tests\Orchestra.Tests\Orchestra.Tests.NET40\Orchestra.Tests.NET40.csproj", "{96F837EA-C848-4AA4-AF9D-6FA1B370506F}"
EndProject
Project("{2150E333-8FDC-42A3-9474-1A3956D46DE8}") = "Examples", "Examples", "{DBEB5ED3-4622-408E-92D9-EC60F316A5C9}"
EndProject
Project("{FAE04EC0-301F-11D3-BF4B-00C04F79EFBC}") = "Orchestra.Examples.MahApps.NET40", "Examples\Orchestra.Examples.MahApps\Orchestra.Examples.MahApps.NET40\Orchestra.Examples.MahApps.NET40.csproj", "{608C0720-4276-47B0-B131-7A2267735C58}"
EndProject
Project("{FAE04EC0-301F-11D3-BF4B-00C04F79EFBC}") = "Orchestra.Shell.MahApps.NET40", "Orchestra.Shell\Orchestra.Shell.MahApps\Orchestra.Shell.MahApps.NET40\Orchestra.Shell.MahApps.NET40.csproj", "{E16A2BF1-3801-4615-A79E-52CEDF260A89}"
EndProject
Project("{FAE04EC0-301F-11D3-BF4B-00C04F79EFBC}") = "Orchestra.Shell.Ribbon.Microsoft.NET40", "Orchestra.Shell\Orchestra.Shell.Ribbon.Microsoft\Orchestra.Shell.Ribbon.Microsoft.NET40\Orchestra.Shell.Ribbon.Microsoft.NET40.csproj", "{F77A6406-6745-4EB1-BEE4-42E5AC4EB0F6}"
EndProject
Project("{2150E333-8FDC-42A3-9474-1A3956D46DE8}") = "Orchestra.Docking", "Orchestra.Docking", "{D22473C6-3A99-4FDB-8A92-97BD07DCFD6B}"
EndProject
Project("{FAE04EC0-301F-11D3-BF4B-00C04F79EFBC}") = "Orchestra.Examples.Ribbon.Microsoft.NET40", "Examples\Orchestra.Examples.Ribbon.Microsoft\Orchestra.Examples.Ribbon.Microsoft.NET40\Orchestra.Examples.Ribbon.Microsoft.NET40.csproj", "{F092BDC9-B58A-4F43-A37B-BDCA9825FD03}"
EndProject
Project("{FAE04EC0-301F-11D3-BF4B-00C04F79EFBC}") = "Orchestra.Shell.TaskRunner.NET40", "Orchestra.Shell\Orchestra.Shell.TaskRunner\Orchestra.Shell.TaskRunner.NET40\Orchestra.Shell.TaskRunner.NET40.csproj", "{2909C5C6-B2C7-49A4-BF8F-2225433EFFDF}"
EndProject
Project("{FAE04EC0-301F-11D3-BF4B-00C04F79EFBC}") = "Orchestra.Examples.TaskRunner.NET40", "Examples\Orchestra.Examples.TaskRunner\Orchestra.Examples.TaskRunner.NET40\Orchestra.Examples.TaskRunner.NET40.csproj", "{45857215-F067-4652-8C87-71E7D8F432A7}"
EndProject
Project("{D954291E-2A0B-460D-934E-DC6B0785DB48}") = "Orchestra.Shell.Shared", "Orchestra.Shell\Orchestra.Shell.Shared\Orchestra.Shell.Shared.shproj", "{BC10FCE0-C843-4592-802D-BB800A514CA0}"
EndProject
Project("{D954291E-2A0B-460D-934E-DC6B0785DB48}") = "Orchestra.Shell.Ribbon.Shared", "Orchestra.Shell\Orchestra.Shell.Ribbon.Shared\Orchestra.Shell.Ribbon.Shared.shproj", "{09D9C5AF-1D17-4C77-A5D4-CFDF278DF4A3}"
EndProject
Project("{FAE04EC0-301F-11D3-BF4B-00C04F79EFBC}") = "Orchestra.Shell.Ribbon.Fluent.NET40", "Orchestra.Shell\Orchestra.Shell.Ribbon.Fluent\Orchestra.Shell.Ribbon.Fluent.NET40\Orchestra.Shell.Ribbon.Fluent.NET40.csproj", "{24614A48-3155-4428-BDC4-7C79AE8CEDC3}"
EndProject
Project("{FAE04EC0-301F-11D3-BF4B-00C04F79EFBC}") = "Orchestra.Examples.Ribbon.Fluent.NET40", "Examples\Orchestra.Examples.Ribbon.Fluent\Orchestra.Examples.Ribbon.Fluent.NET40\Orchestra.Examples.Ribbon.Fluent.NET40.csproj", "{850DDB5D-1694-4D89-AF95-A8E31305A53C}"
EndProject
Project("{2150E333-8FDC-42A3-9474-1A3956D46DE8}") = "MahApps", "MahApps", "{6F7CA0E0-A61D-4AFF-BEA4-413D67116693}"
EndProject
Project("{2150E333-8FDC-42A3-9474-1A3956D46DE8}") = "Ribbon.Fluent", "Ribbon.Fluent", "{C417BB89-7588-4FAB-B234-A35EF8C240E6}"
EndProject
Project("{2150E333-8FDC-42A3-9474-1A3956D46DE8}") = "Ribbon.Microsoft", "Ribbon.Microsoft", "{ECF44968-9A75-43A8-9610-6FA289B0A37D}"
EndProject
Project("{2150E333-8FDC-42A3-9474-1A3956D46DE8}") = "TaskRunner", "TaskRunner", "{3C66C6EC-07DE-4DC8-8C6B-36972310325B}"
EndProject
Project("{2150E333-8FDC-42A3-9474-1A3956D46DE8}") = "MahApps", "MahApps", "{C2F44359-4C7B-47FF-97F6-614F1810A1EC}"
EndProject
Project("{2150E333-8FDC-42A3-9474-1A3956D46DE8}") = "Ribbon.Fluent", "Ribbon.Fluent", "{559582ED-9C37-4CB0-B59E-CD90E133859B}"
EndProject
Project("{2150E333-8FDC-42A3-9474-1A3956D46DE8}") = "Ribbon.Microsoft", "Ribbon.Microsoft", "{F02B8774-A726-4B04-BE60-D1BD78412E5D}"
EndProject
Project("{2150E333-8FDC-42A3-9474-1A3956D46DE8}") = "TaskRunner", "TaskRunner", "{D713B2DB-837F-4445-950B-0DC29C82469C}"
EndProject
Project("{D954291E-2A0B-460D-934E-DC6B0785DB48}") = "Orchestra.Examples.MahApps.Shared", "Examples\Orchestra.Examples.MahApps\Orchestra.Examples.MahApps.Shared\Orchestra.Examples.MahApps.Shared.shproj", "{1B9B5A92-56D2-4250-A3CC-993EEFFB2E86}"
EndProject
Project("{D954291E-2A0B-460D-934E-DC6B0785DB48}") = "Orchestra.Examples.Ribbon.Fluent.Shared", "Examples\Orchestra.Examples.Ribbon.Fluent\Orchestra.Examples.Ribbon.Fluent.Shared\Orchestra.Examples.Ribbon.Fluent.Shared.shproj", "{0280E6B2-58E3-4379-9502-DE186CED9577}"
EndProject
Project("{D954291E-2A0B-460D-934E-DC6B0785DB48}") = "Orchestra.Examples.Ribbon.Microsoft.Shared", "Examples\Orchestra.Examples.Ribbon.Microsoft\Orchestra.Examples.Ribbon.Microsoft.Shared\Orchestra.Examples.Ribbon.Microsoft.Shared.shproj", "{84D8F34F-57D6-45AD-9449-FB461698A3CF}"
EndProject
Project("{D954291E-2A0B-460D-934E-DC6B0785DB48}") = "Orchestra.Examples.TaskRunner.Shared", "Examples\Orchestra.Examples.TaskRunner\Orchestra.Examples.TaskRunner.Shared\Orchestra.Examples.TaskRunner.Shared.shproj", "{4F1A8F2D-73BA-415D-B741-9AB66F2735DC}"
EndProject
Project("{D954291E-2A0B-460D-934E-DC6B0785DB48}") = "Orchestra.Core.Shared", "Orchestra.Core\Orchestra.Core\Orchestra.Core.Shared\Orchestra.Core.Shared.shproj", "{BF3ABC91-F3F1-4C8A-A418-1B845724CC7F}"
EndProject
Project("{D954291E-2A0B-460D-934E-DC6B0785DB48}") = "Orchestra.Shell.MahApps.Shared", "Orchestra.Shell\Orchestra.Shell.MahApps\Orchestra.Shell.MahApps.Shared\Orchestra.Shell.MahApps.Shared.shproj", "{7EFD7F52-35C2-4800-927D-55AD1EA843AD}"
EndProject
Project("{D954291E-2A0B-460D-934E-DC6B0785DB48}") = "Orchestra.Shell.Ribbon.Fluent.Shared", "Orchestra.Shell\Orchestra.Shell.Ribbon.Fluent\Orchestra.Shell.Ribbon.Fluent.Shared\Orchestra.Shell.Ribbon.Fluent.Shared.shproj", "{378728E2-1764-42E3-8952-9E2C2AB8D57A}"
EndProject
Project("{D954291E-2A0B-460D-934E-DC6B0785DB48}") = "Orchestra.Shell.Ribbon.Microsoft.Shared", "Orchestra.Shell\Orchestra.Shell.Ribbon.Microsoft\Orchestra.Shell.Ribbon.Microsoft.Shared\Orchestra.Shell.Ribbon.Microsoft.Shared.shproj", "{D2D05B12-63AB-4004-94A0-707F976A3F2B}"
EndProject
Project("{D954291E-2A0B-460D-934E-DC6B0785DB48}") = "Orchestra.Shell.TaskRunner.Shared", "Orchestra.Shell\Orchestra.Shell.TaskRunner\Orchestra.Shell.TaskRunner.Shared\Orchestra.Shell.TaskRunner.Shared.shproj", "{21FB6308-232E-48B2-BF53-CFF8BA03F828}"
EndProject
Project("{D954291E-2A0B-460D-934E-DC6B0785DB48}") = "Orchestra.Tests.Shared", "Orchestra.Tests\Orchestra.Tests\Orchestra.Tests.Shared\Orchestra.Tests.Shared.shproj", "{9D628894-BDD8-470B-8DC9-7BF2F7073EE5}"
EndProject
Project("{FAE04EC0-301F-11D3-BF4B-00C04F79EFBC}") = "Orchestra.Examples.MahApps.NET45", "Examples\Orchestra.Examples.MahApps\Orchestra.Examples.MahApps.NET45\Orchestra.Examples.MahApps.NET45.csproj", "{AD1EAA55-6B88-45F5-B58B-5CFA4B015D9F}"
EndProject
Project("{FAE04EC0-301F-11D3-BF4B-00C04F79EFBC}") = "Orchestra.Core.NET45", "Orchestra.Core\Orchestra.Core\Orchestra.Core.NET45\Orchestra.Core.NET45.csproj", "{E004866F-01A2-467D-8C77-5216EB9CA71E}"
EndProject
Project("{FAE04EC0-301F-11D3-BF4B-00C04F79EFBC}") = "Orchestra.Shell.MahApps.NET45", "Orchestra.Shell\Orchestra.Shell.MahApps\Orchestra.Shell.MahApps.NET45\Orchestra.Shell.MahApps.NET45.csproj", "{0E099AB6-235D-4AE1-96C8-3E2D85FF6AF1}"
EndProject
Project("{FAE04EC0-301F-11D3-BF4B-00C04F79EFBC}") = "Orchestra.Shell.Ribbon.Fluent.NET45", "Orchestra.Shell\Orchestra.Shell.Ribbon.Fluent\Orchestra.Shell.Ribbon.Fluent.NET45\Orchestra.Shell.Ribbon.Fluent.NET45.csproj", "{FA9C977B-585B-4AC5-A870-168BF0A53BA8}"
EndProject
Project("{FAE04EC0-301F-11D3-BF4B-00C04F79EFBC}") = "Orchestra.Shell.Ribbon.Microsoft.NET45", "Orchestra.Shell\Orchestra.Shell.Ribbon.Microsoft\Orchestra.Shell.Ribbon.Microsoft.NET45\Orchestra.Shell.Ribbon.Microsoft.NET45.csproj", "{6EBA4B51-3705-4AF7-A682-5BD5E7C80655}"
EndProject
Project("{FAE04EC0-301F-11D3-BF4B-00C04F79EFBC}") = "Orchestra.Shell.TaskRunner.NET45", "Orchestra.Shell\Orchestra.Shell.TaskRunner\Orchestra.Shell.TaskRunner.NET45\Orchestra.Shell.TaskRunner.NET45.csproj", "{D43A799A-938E-428D-87A5-E5200B2B4C3F}"
EndProject
Project("{FAE04EC0-301F-11D3-BF4B-00C04F79EFBC}") = "Orchestra.Tests.NET45", "Orchestra.Tests\Orchestra.Tests\Orchestra.Tests.NET45\Orchestra.Tests.NET45.csproj", "{1F139B66-9CF8-4FDE-BC15-7FC1CECC4B2F}"
EndProject
Project("{FAE04EC0-301F-11D3-BF4B-00C04F79EFBC}") = "Orchestra.Examples.Ribbon.Fluent.NET45", "Examples\Orchestra.Examples.Ribbon.Fluent\Orchestra.Examples.Ribbon.Fluent.NET45\Orchestra.Examples.Ribbon.Fluent.NET45.csproj", "{9A59D96C-3D7B-414E-B097-BD6F4B01C457}"
EndProject
Project("{FAE04EC0-301F-11D3-BF4B-00C04F79EFBC}") = "Orchestra.Examples.Ribbon.Microsoft.NET45", "Examples\Orchestra.Examples.Ribbon.Microsoft\Orchestra.Examples.Ribbon.Microsoft.NET45\Orchestra.Examples.Ribbon.Microsoft.NET45.csproj", "{FD2CE39E-2E7F-4EC2-A06C-3D78E3CEF22E}"
EndProject
Project("{FAE04EC0-301F-11D3-BF4B-00C04F79EFBC}") = "Orchestra.Examples.TaskRunner.NET45", "Examples\Orchestra.Examples.TaskRunner\Orchestra.Examples.TaskRunner.NET45\Orchestra.Examples.TaskRunner.NET45.csproj", "{1FE13CD6-6F35-4C73-9FEB-AC1C4519362D}"
EndProject
Global
	GlobalSection(SharedMSBuildProjectFiles) = preSolution
		Examples\Orchestra.Examples.Ribbon.Fluent\Orchestra.Examples.Ribbon.Fluent.Shared\Orchestra.Examples.Ribbon.Fluent.Shared.projitems*{0280e6b2-58e3-4379-9502-de186ced9577}*SharedItemsImports = 13
		Orchestra.Shell\Orchestra.Shell.Shared\Orchestra.Shell.Shared.projitems*{e16a2bf1-3801-4615-a79e-52cedf260a89}*SharedItemsImports = 4
		Orchestra.Shell\Orchestra.Shell.MahApps\Orchestra.Shell.MahApps.Shared\Orchestra.Shell.MahApps.Shared.projitems*{e16a2bf1-3801-4615-a79e-52cedf260a89}*SharedItemsImports = 4
		Examples\Orchestra.Examples.MahApps\Orchestra.Examples.MahApps.Shared\Orchestra.Examples.MahApps.Shared.projitems*{ad1eaa55-6b88-45f5-b58b-5cfa4b015d9f}*SharedItemsImports = 4
		Orchestra.Shell\Orchestra.Shell.Shared\Orchestra.Shell.Shared.projitems*{d43a799a-938e-428d-87a5-e5200b2b4c3f}*SharedItemsImports = 4
		Orchestra.Shell\Orchestra.Shell.TaskRunner\Orchestra.Shell.TaskRunner.Shared\Orchestra.Shell.TaskRunner.Shared.projitems*{d43a799a-938e-428d-87a5-e5200b2b4c3f}*SharedItemsImports = 4
		Examples\Orchestra.Examples.TaskRunner\Orchestra.Examples.TaskRunner.Shared\Orchestra.Examples.TaskRunner.Shared.projitems*{4f1a8f2d-73ba-415d-b741-9ab66f2735dc}*SharedItemsImports = 13
		Orchestra.Core\Orchestra.Core\Orchestra.Core.Shared\Orchestra.Core.Shared.projitems*{805e1f16-7a10-42a2-82ba-5012412144bb}*SharedItemsImports = 4
		Orchestra.Core\Orchestra.Core\Orchestra.Core.Shared\Orchestra.Core.Shared.projitems*{e004866f-01a2-467d-8c77-5216eb9ca71e}*SharedItemsImports = 4
		Orchestra.Shell\Orchestra.Shell.Shared\Orchestra.Shell.Shared.projitems*{fa9c977b-585b-4ac5-a870-168bf0a53ba8}*SharedItemsImports = 4
		Orchestra.Shell\Orchestra.Shell.Ribbon.Shared\Orchestra.Shell.Ribbon.Shared.projitems*{fa9c977b-585b-4ac5-a870-168bf0a53ba8}*SharedItemsImports = 4
		Orchestra.Shell\Orchestra.Shell.Ribbon.Fluent\Orchestra.Shell.Ribbon.Fluent.Shared\Orchestra.Shell.Ribbon.Fluent.Shared.projitems*{fa9c977b-585b-4ac5-a870-168bf0a53ba8}*SharedItemsImports = 4
		Orchestra.Shell\Orchestra.Shell.Shared\Orchestra.Shell.Shared.projitems*{2909c5c6-b2c7-49a4-bf8f-2225433effdf}*SharedItemsImports = 4
		Orchestra.Shell\Orchestra.Shell.TaskRunner\Orchestra.Shell.TaskRunner.Shared\Orchestra.Shell.TaskRunner.Shared.projitems*{2909c5c6-b2c7-49a4-bf8f-2225433effdf}*SharedItemsImports = 4
		Orchestra.Shell\Orchestra.Shell.Ribbon.Fluent\Orchestra.Shell.Ribbon.Fluent.Shared\Orchestra.Shell.Ribbon.Fluent.Shared.projitems*{378728e2-1764-42e3-8952-9e2c2ab8d57a}*SharedItemsImports = 13
		Orchestra.Shell\Orchestra.Shell.Ribbon.Microsoft\Orchestra.Shell.Ribbon.Microsoft.Shared\Orchestra.Shell.Ribbon.Microsoft.Shared.projitems*{d2d05b12-63ab-4004-94a0-707f976a3f2b}*SharedItemsImports = 13
		Examples\Orchestra.Examples.TaskRunner\Orchestra.Examples.TaskRunner.Shared\Orchestra.Examples.TaskRunner.Shared.projitems*{45857215-f067-4652-8c87-71e7d8f432a7}*SharedItemsImports = 4
		Orchestra.Shell\Orchestra.Shell.TaskRunner\Orchestra.Shell.TaskRunner.Shared\Orchestra.Shell.TaskRunner.Shared.projitems*{21fb6308-232e-48b2-bf53-cff8ba03f828}*SharedItemsImports = 13
		Orchestra.Shell\Orchestra.Shell.Shared\Orchestra.Shell.Shared.projitems*{bc10fce0-c843-4592-802d-bb800a514ca0}*SharedItemsImports = 13
		Orchestra.Shell\Orchestra.Shell.Shared\Orchestra.Shell.Shared.projitems*{f77a6406-6745-4eb1-bee4-42e5ac4eb0f6}*SharedItemsImports = 4
		Orchestra.Shell\Orchestra.Shell.Ribbon.Shared\Orchestra.Shell.Ribbon.Shared.projitems*{f77a6406-6745-4eb1-bee4-42e5ac4eb0f6}*SharedItemsImports = 4
		Orchestra.Shell\Orchestra.Shell.Ribbon.Microsoft\Orchestra.Shell.Ribbon.Microsoft.Shared\Orchestra.Shell.Ribbon.Microsoft.Shared.projitems*{f77a6406-6745-4eb1-bee4-42e5ac4eb0f6}*SharedItemsImports = 4
		Examples\Orchestra.Examples.MahApps\Orchestra.Examples.MahApps.Shared\Orchestra.Examples.MahApps.Shared.projitems*{1b9b5a92-56d2-4250-a3cc-993eeffb2e86}*SharedItemsImports = 13
		Orchestra.Shell\Orchestra.Shell.Ribbon.Shared\Orchestra.Shell.Ribbon.Shared.projitems*{09d9c5af-1d17-4c77-a5d4-cfdf278df4a3}*SharedItemsImports = 13
		Examples\Orchestra.Examples.TaskRunner\Orchestra.Examples.TaskRunner.Shared\Orchestra.Examples.TaskRunner.Shared.projitems*{1fe13cd6-6f35-4c73-9feb-ac1c4519362d}*SharedItemsImports = 4
		Examples\Orchestra.Examples.Ribbon.Microsoft\Orchestra.Examples.Ribbon.Microsoft.Shared\Orchestra.Examples.Ribbon.Microsoft.Shared.projitems*{fd2ce39e-2e7f-4ec2-a06c-3d78e3cef22e}*SharedItemsImports = 4
		Examples\Orchestra.Examples.Ribbon.Microsoft\Orchestra.Examples.Ribbon.Microsoft.Shared\Orchestra.Examples.Ribbon.Microsoft.Shared.projitems*{f092bdc9-b58a-4f43-a37b-bdca9825fd03}*SharedItemsImports = 4
		Orchestra.Tests\Orchestra.Tests\Orchestra.Tests.Shared\Orchestra.Tests.Shared.projitems*{1f139b66-9cf8-4fde-bc15-7fc1cecc4b2f}*SharedItemsImports = 4
		Orchestra.Shell\Orchestra.Shell.Shared\Orchestra.Shell.Shared.projitems*{6eba4b51-3705-4af7-a682-5bd5e7c80655}*SharedItemsImports = 4
		Orchestra.Shell\Orchestra.Shell.Ribbon.Shared\Orchestra.Shell.Ribbon.Shared.projitems*{6eba4b51-3705-4af7-a682-5bd5e7c80655}*SharedItemsImports = 4
		Orchestra.Shell\Orchestra.Shell.Ribbon.Microsoft\Orchestra.Shell.Ribbon.Microsoft.Shared\Orchestra.Shell.Ribbon.Microsoft.Shared.projitems*{6eba4b51-3705-4af7-a682-5bd5e7c80655}*SharedItemsImports = 4
		Orchestra.Shell\Orchestra.Shell.Shared\Orchestra.Shell.Shared.projitems*{0e099ab6-235d-4ae1-96c8-3e2d85ff6af1}*SharedItemsImports = 4
		Orchestra.Shell\Orchestra.Shell.MahApps\Orchestra.Shell.MahApps.Shared\Orchestra.Shell.MahApps.Shared.projitems*{0e099ab6-235d-4ae1-96c8-3e2d85ff6af1}*SharedItemsImports = 4
		Examples\Orchestra.Examples.Ribbon.Fluent\Orchestra.Examples.Ribbon.Fluent.Shared\Orchestra.Examples.Ribbon.Fluent.Shared.projitems*{9a59d96c-3d7b-414e-b097-bd6f4b01c457}*SharedItemsImports = 4
		Orchestra.Shell\Orchestra.Shell.MahApps\Orchestra.Shell.MahApps.Shared\Orchestra.Shell.MahApps.Shared.projitems*{7efd7f52-35c2-4800-927d-55ad1ea843ad}*SharedItemsImports = 13
		Examples\Orchestra.Examples.Ribbon.Microsoft\Orchestra.Examples.Ribbon.Microsoft.Shared\Orchestra.Examples.Ribbon.Microsoft.Shared.projitems*{84d8f34f-57d6-45ad-9449-fb461698a3cf}*SharedItemsImports = 13
		Orchestra.Tests\Orchestra.Tests\Orchestra.Tests.Shared\Orchestra.Tests.Shared.projitems*{96f837ea-c848-4aa4-af9d-6fa1b370506f}*SharedItemsImports = 4
		Examples\Orchestra.Examples.Ribbon.Fluent\Orchestra.Examples.Ribbon.Fluent.Shared\Orchestra.Examples.Ribbon.Fluent.Shared.projitems*{850ddb5d-1694-4d89-af95-a8e31305a53c}*SharedItemsImports = 4
		Orchestra.Core\Orchestra.Core\Orchestra.Core.Shared\Orchestra.Core.Shared.projitems*{bf3abc91-f3f1-4c8a-a418-1b845724cc7f}*SharedItemsImports = 13
		Examples\Orchestra.Examples.MahApps\Orchestra.Examples.MahApps.Shared\Orchestra.Examples.MahApps.Shared.projitems*{608c0720-4276-47b0-b131-7a2267735c58}*SharedItemsImports = 4
		Orchestra.Tests\Orchestra.Tests\Orchestra.Tests.Shared\Orchestra.Tests.Shared.projitems*{9d628894-bdd8-470b-8dc9-7bf2f7073ee5}*SharedItemsImports = 13
		Orchestra.Shell\Orchestra.Shell.Shared\Orchestra.Shell.Shared.projitems*{24614a48-3155-4428-bdc4-7c79ae8cedc3}*SharedItemsImports = 4
		Orchestra.Shell\Orchestra.Shell.Ribbon.Shared\Orchestra.Shell.Ribbon.Shared.projitems*{24614a48-3155-4428-bdc4-7c79ae8cedc3}*SharedItemsImports = 4
		Orchestra.Shell\Orchestra.Shell.Ribbon.Fluent\Orchestra.Shell.Ribbon.Fluent.Shared\Orchestra.Shell.Ribbon.Fluent.Shared.projitems*{24614a48-3155-4428-bdc4-7c79ae8cedc3}*SharedItemsImports = 4
	EndGlobalSection
	GlobalSection(SolutionConfigurationPlatforms) = preSolution
		Debug|Any CPU = Debug|Any CPU
		Debug|ARM = Debug|ARM
		Debug|x64 = Debug|x64
		Debug|x86 = Debug|x86
		Release|Any CPU = Release|Any CPU
		Release|ARM = Release|ARM
		Release|x64 = Release|x64
		Release|x86 = Release|x86
	EndGlobalSection
	GlobalSection(ProjectConfigurationPlatforms) = postSolution
		{805E1F16-7A10-42A2-82BA-5012412144BB}.Debug|Any CPU.ActiveCfg = Debug|Any CPU
		{805E1F16-7A10-42A2-82BA-5012412144BB}.Debug|Any CPU.Build.0 = Debug|Any CPU
		{805E1F16-7A10-42A2-82BA-5012412144BB}.Debug|ARM.ActiveCfg = Debug|Any CPU
		{805E1F16-7A10-42A2-82BA-5012412144BB}.Debug|x64.ActiveCfg = Debug|Any CPU
		{805E1F16-7A10-42A2-82BA-5012412144BB}.Debug|x86.ActiveCfg = Debug|Any CPU
		{805E1F16-7A10-42A2-82BA-5012412144BB}.Release|Any CPU.ActiveCfg = Release|Any CPU
		{805E1F16-7A10-42A2-82BA-5012412144BB}.Release|Any CPU.Build.0 = Release|Any CPU
		{805E1F16-7A10-42A2-82BA-5012412144BB}.Release|ARM.ActiveCfg = Release|Any CPU
		{805E1F16-7A10-42A2-82BA-5012412144BB}.Release|x64.ActiveCfg = Release|Any CPU
		{805E1F16-7A10-42A2-82BA-5012412144BB}.Release|x86.ActiveCfg = Release|Any CPU
		{96F837EA-C848-4AA4-AF9D-6FA1B370506F}.Debug|Any CPU.ActiveCfg = Debug|Any CPU
		{96F837EA-C848-4AA4-AF9D-6FA1B370506F}.Debug|Any CPU.Build.0 = Debug|Any CPU
		{96F837EA-C848-4AA4-AF9D-6FA1B370506F}.Debug|ARM.ActiveCfg = Debug|Any CPU
		{96F837EA-C848-4AA4-AF9D-6FA1B370506F}.Debug|x64.ActiveCfg = Debug|Any CPU
		{96F837EA-C848-4AA4-AF9D-6FA1B370506F}.Debug|x86.ActiveCfg = Debug|Any CPU
		{96F837EA-C848-4AA4-AF9D-6FA1B370506F}.Release|Any CPU.ActiveCfg = Release|Any CPU
		{96F837EA-C848-4AA4-AF9D-6FA1B370506F}.Release|Any CPU.Build.0 = Release|Any CPU
		{96F837EA-C848-4AA4-AF9D-6FA1B370506F}.Release|ARM.ActiveCfg = Release|Any CPU
		{96F837EA-C848-4AA4-AF9D-6FA1B370506F}.Release|x64.ActiveCfg = Release|Any CPU
		{96F837EA-C848-4AA4-AF9D-6FA1B370506F}.Release|x86.ActiveCfg = Release|Any CPU
		{608C0720-4276-47B0-B131-7A2267735C58}.Debug|Any CPU.ActiveCfg = Debug|Any CPU
		{608C0720-4276-47B0-B131-7A2267735C58}.Debug|Any CPU.Build.0 = Debug|Any CPU
		{608C0720-4276-47B0-B131-7A2267735C58}.Debug|ARM.ActiveCfg = Debug|Any CPU
		{608C0720-4276-47B0-B131-7A2267735C58}.Debug|x64.ActiveCfg = Debug|Any CPU
		{608C0720-4276-47B0-B131-7A2267735C58}.Debug|x86.ActiveCfg = Debug|Any CPU
		{608C0720-4276-47B0-B131-7A2267735C58}.Release|Any CPU.ActiveCfg = Release|Any CPU
		{608C0720-4276-47B0-B131-7A2267735C58}.Release|Any CPU.Build.0 = Release|Any CPU
		{608C0720-4276-47B0-B131-7A2267735C58}.Release|ARM.ActiveCfg = Release|Any CPU
		{608C0720-4276-47B0-B131-7A2267735C58}.Release|x64.ActiveCfg = Release|Any CPU
		{608C0720-4276-47B0-B131-7A2267735C58}.Release|x86.ActiveCfg = Release|Any CPU
		{E16A2BF1-3801-4615-A79E-52CEDF260A89}.Debug|Any CPU.ActiveCfg = Debug|Any CPU
		{E16A2BF1-3801-4615-A79E-52CEDF260A89}.Debug|Any CPU.Build.0 = Debug|Any CPU
		{E16A2BF1-3801-4615-A79E-52CEDF260A89}.Debug|ARM.ActiveCfg = Debug|Any CPU
		{E16A2BF1-3801-4615-A79E-52CEDF260A89}.Debug|x64.ActiveCfg = Debug|Any CPU
		{E16A2BF1-3801-4615-A79E-52CEDF260A89}.Debug|x86.ActiveCfg = Debug|Any CPU
		{E16A2BF1-3801-4615-A79E-52CEDF260A89}.Release|Any CPU.ActiveCfg = Release|Any CPU
		{E16A2BF1-3801-4615-A79E-52CEDF260A89}.Release|Any CPU.Build.0 = Release|Any CPU
		{E16A2BF1-3801-4615-A79E-52CEDF260A89}.Release|ARM.ActiveCfg = Release|Any CPU
		{E16A2BF1-3801-4615-A79E-52CEDF260A89}.Release|x64.ActiveCfg = Release|Any CPU
		{E16A2BF1-3801-4615-A79E-52CEDF260A89}.Release|x86.ActiveCfg = Release|Any CPU
		{F77A6406-6745-4EB1-BEE4-42E5AC4EB0F6}.Debug|Any CPU.ActiveCfg = Debug|Any CPU
		{F77A6406-6745-4EB1-BEE4-42E5AC4EB0F6}.Debug|Any CPU.Build.0 = Debug|Any CPU
		{F77A6406-6745-4EB1-BEE4-42E5AC4EB0F6}.Debug|ARM.ActiveCfg = Debug|Any CPU
		{F77A6406-6745-4EB1-BEE4-42E5AC4EB0F6}.Debug|x64.ActiveCfg = Debug|Any CPU
		{F77A6406-6745-4EB1-BEE4-42E5AC4EB0F6}.Debug|x86.ActiveCfg = Debug|Any CPU
		{F77A6406-6745-4EB1-BEE4-42E5AC4EB0F6}.Release|Any CPU.ActiveCfg = Release|Any CPU
		{F77A6406-6745-4EB1-BEE4-42E5AC4EB0F6}.Release|Any CPU.Build.0 = Release|Any CPU
		{F77A6406-6745-4EB1-BEE4-42E5AC4EB0F6}.Release|ARM.ActiveCfg = Release|Any CPU
		{F77A6406-6745-4EB1-BEE4-42E5AC4EB0F6}.Release|x64.ActiveCfg = Release|Any CPU
		{F77A6406-6745-4EB1-BEE4-42E5AC4EB0F6}.Release|x86.ActiveCfg = Release|Any CPU
		{F092BDC9-B58A-4F43-A37B-BDCA9825FD03}.Debug|Any CPU.ActiveCfg = Debug|Any CPU
		{F092BDC9-B58A-4F43-A37B-BDCA9825FD03}.Debug|Any CPU.Build.0 = Debug|Any CPU
		{F092BDC9-B58A-4F43-A37B-BDCA9825FD03}.Debug|ARM.ActiveCfg = Debug|Any CPU
		{F092BDC9-B58A-4F43-A37B-BDCA9825FD03}.Debug|x64.ActiveCfg = Debug|Any CPU
		{F092BDC9-B58A-4F43-A37B-BDCA9825FD03}.Debug|x86.ActiveCfg = Debug|Any CPU
		{F092BDC9-B58A-4F43-A37B-BDCA9825FD03}.Release|Any CPU.ActiveCfg = Release|Any CPU
		{F092BDC9-B58A-4F43-A37B-BDCA9825FD03}.Release|Any CPU.Build.0 = Release|Any CPU
		{F092BDC9-B58A-4F43-A37B-BDCA9825FD03}.Release|ARM.ActiveCfg = Release|Any CPU
		{F092BDC9-B58A-4F43-A37B-BDCA9825FD03}.Release|x64.ActiveCfg = Release|Any CPU
		{F092BDC9-B58A-4F43-A37B-BDCA9825FD03}.Release|x86.ActiveCfg = Release|Any CPU
		{2909C5C6-B2C7-49A4-BF8F-2225433EFFDF}.Debug|Any CPU.ActiveCfg = Debug|Any CPU
		{2909C5C6-B2C7-49A4-BF8F-2225433EFFDF}.Debug|Any CPU.Build.0 = Debug|Any CPU
		{2909C5C6-B2C7-49A4-BF8F-2225433EFFDF}.Debug|ARM.ActiveCfg = Debug|Any CPU
		{2909C5C6-B2C7-49A4-BF8F-2225433EFFDF}.Debug|x64.ActiveCfg = Debug|Any CPU
		{2909C5C6-B2C7-49A4-BF8F-2225433EFFDF}.Debug|x86.ActiveCfg = Debug|Any CPU
		{2909C5C6-B2C7-49A4-BF8F-2225433EFFDF}.Release|Any CPU.ActiveCfg = Release|Any CPU
		{2909C5C6-B2C7-49A4-BF8F-2225433EFFDF}.Release|Any CPU.Build.0 = Release|Any CPU
		{2909C5C6-B2C7-49A4-BF8F-2225433EFFDF}.Release|ARM.ActiveCfg = Release|Any CPU
		{2909C5C6-B2C7-49A4-BF8F-2225433EFFDF}.Release|x64.ActiveCfg = Release|Any CPU
		{2909C5C6-B2C7-49A4-BF8F-2225433EFFDF}.Release|x86.ActiveCfg = Release|Any CPU
		{45857215-F067-4652-8C87-71E7D8F432A7}.Debug|Any CPU.ActiveCfg = Debug|Any CPU
		{45857215-F067-4652-8C87-71E7D8F432A7}.Debug|Any CPU.Build.0 = Debug|Any CPU
		{45857215-F067-4652-8C87-71E7D8F432A7}.Debug|ARM.ActiveCfg = Debug|Any CPU
		{45857215-F067-4652-8C87-71E7D8F432A7}.Debug|x64.ActiveCfg = Debug|Any CPU
		{45857215-F067-4652-8C87-71E7D8F432A7}.Debug|x86.ActiveCfg = Debug|Any CPU
		{45857215-F067-4652-8C87-71E7D8F432A7}.Release|Any CPU.ActiveCfg = Release|Any CPU
		{45857215-F067-4652-8C87-71E7D8F432A7}.Release|Any CPU.Build.0 = Release|Any CPU
		{45857215-F067-4652-8C87-71E7D8F432A7}.Release|ARM.ActiveCfg = Release|Any CPU
		{45857215-F067-4652-8C87-71E7D8F432A7}.Release|x64.ActiveCfg = Release|Any CPU
		{45857215-F067-4652-8C87-71E7D8F432A7}.Release|x86.ActiveCfg = Release|Any CPU
		{24614A48-3155-4428-BDC4-7C79AE8CEDC3}.Debug|Any CPU.ActiveCfg = Debug|Any CPU
		{24614A48-3155-4428-BDC4-7C79AE8CEDC3}.Debug|Any CPU.Build.0 = Debug|Any CPU
		{24614A48-3155-4428-BDC4-7C79AE8CEDC3}.Debug|ARM.ActiveCfg = Debug|Any CPU
		{24614A48-3155-4428-BDC4-7C79AE8CEDC3}.Debug|x64.ActiveCfg = Debug|Any CPU
		{24614A48-3155-4428-BDC4-7C79AE8CEDC3}.Debug|x86.ActiveCfg = Debug|Any CPU
		{24614A48-3155-4428-BDC4-7C79AE8CEDC3}.Release|Any CPU.ActiveCfg = Release|Any CPU
		{24614A48-3155-4428-BDC4-7C79AE8CEDC3}.Release|Any CPU.Build.0 = Release|Any CPU
		{24614A48-3155-4428-BDC4-7C79AE8CEDC3}.Release|ARM.ActiveCfg = Release|Any CPU
		{24614A48-3155-4428-BDC4-7C79AE8CEDC3}.Release|x64.ActiveCfg = Release|Any CPU
		{24614A48-3155-4428-BDC4-7C79AE8CEDC3}.Release|x86.ActiveCfg = Release|Any CPU
		{850DDB5D-1694-4D89-AF95-A8E31305A53C}.Debug|Any CPU.ActiveCfg = Debug|Any CPU
		{850DDB5D-1694-4D89-AF95-A8E31305A53C}.Debug|Any CPU.Build.0 = Debug|Any CPU
		{850DDB5D-1694-4D89-AF95-A8E31305A53C}.Debug|ARM.ActiveCfg = Debug|Any CPU
		{850DDB5D-1694-4D89-AF95-A8E31305A53C}.Debug|x64.ActiveCfg = Debug|Any CPU
		{850DDB5D-1694-4D89-AF95-A8E31305A53C}.Debug|x86.ActiveCfg = Debug|Any CPU
		{850DDB5D-1694-4D89-AF95-A8E31305A53C}.Release|Any CPU.ActiveCfg = Release|Any CPU
		{850DDB5D-1694-4D89-AF95-A8E31305A53C}.Release|Any CPU.Build.0 = Release|Any CPU
		{850DDB5D-1694-4D89-AF95-A8E31305A53C}.Release|ARM.ActiveCfg = Release|Any CPU
		{850DDB5D-1694-4D89-AF95-A8E31305A53C}.Release|x64.ActiveCfg = Release|Any CPU
		{850DDB5D-1694-4D89-AF95-A8E31305A53C}.Release|x86.ActiveCfg = Release|Any CPU
		{AD1EAA55-6B88-45F5-B58B-5CFA4B015D9F}.Debug|Any CPU.ActiveCfg = Debug|Any CPU
		{AD1EAA55-6B88-45F5-B58B-5CFA4B015D9F}.Debug|Any CPU.Build.0 = Debug|Any CPU
		{AD1EAA55-6B88-45F5-B58B-5CFA4B015D9F}.Debug|ARM.ActiveCfg = Debug|Any CPU
		{AD1EAA55-6B88-45F5-B58B-5CFA4B015D9F}.Debug|x64.ActiveCfg = Debug|Any CPU
		{AD1EAA55-6B88-45F5-B58B-5CFA4B015D9F}.Debug|x86.ActiveCfg = Debug|Any CPU
		{AD1EAA55-6B88-45F5-B58B-5CFA4B015D9F}.Release|Any CPU.ActiveCfg = Release|Any CPU
		{AD1EAA55-6B88-45F5-B58B-5CFA4B015D9F}.Release|Any CPU.Build.0 = Release|Any CPU
		{AD1EAA55-6B88-45F5-B58B-5CFA4B015D9F}.Release|ARM.ActiveCfg = Release|Any CPU
		{AD1EAA55-6B88-45F5-B58B-5CFA4B015D9F}.Release|x64.ActiveCfg = Release|Any CPU
		{AD1EAA55-6B88-45F5-B58B-5CFA4B015D9F}.Release|x86.ActiveCfg = Release|Any CPU
		{E004866F-01A2-467D-8C77-5216EB9CA71E}.Debug|Any CPU.ActiveCfg = Debug|Any CPU
		{E004866F-01A2-467D-8C77-5216EB9CA71E}.Debug|Any CPU.Build.0 = Debug|Any CPU
		{E004866F-01A2-467D-8C77-5216EB9CA71E}.Debug|ARM.ActiveCfg = Debug|Any CPU
		{E004866F-01A2-467D-8C77-5216EB9CA71E}.Debug|x64.ActiveCfg = Debug|Any CPU
		{E004866F-01A2-467D-8C77-5216EB9CA71E}.Debug|x86.ActiveCfg = Debug|Any CPU
		{E004866F-01A2-467D-8C77-5216EB9CA71E}.Release|Any CPU.ActiveCfg = Release|Any CPU
		{E004866F-01A2-467D-8C77-5216EB9CA71E}.Release|Any CPU.Build.0 = Release|Any CPU
		{E004866F-01A2-467D-8C77-5216EB9CA71E}.Release|ARM.ActiveCfg = Release|Any CPU
		{E004866F-01A2-467D-8C77-5216EB9CA71E}.Release|x64.ActiveCfg = Release|Any CPU
		{E004866F-01A2-467D-8C77-5216EB9CA71E}.Release|x86.ActiveCfg = Release|Any CPU
		{0E099AB6-235D-4AE1-96C8-3E2D85FF6AF1}.Debug|Any CPU.ActiveCfg = Debug|Any CPU
		{0E099AB6-235D-4AE1-96C8-3E2D85FF6AF1}.Debug|Any CPU.Build.0 = Debug|Any CPU
		{0E099AB6-235D-4AE1-96C8-3E2D85FF6AF1}.Debug|ARM.ActiveCfg = Debug|Any CPU
		{0E099AB6-235D-4AE1-96C8-3E2D85FF6AF1}.Debug|x64.ActiveCfg = Debug|Any CPU
		{0E099AB6-235D-4AE1-96C8-3E2D85FF6AF1}.Debug|x86.ActiveCfg = Debug|Any CPU
		{0E099AB6-235D-4AE1-96C8-3E2D85FF6AF1}.Release|Any CPU.ActiveCfg = Release|Any CPU
		{0E099AB6-235D-4AE1-96C8-3E2D85FF6AF1}.Release|Any CPU.Build.0 = Release|Any CPU
		{0E099AB6-235D-4AE1-96C8-3E2D85FF6AF1}.Release|ARM.ActiveCfg = Release|Any CPU
		{0E099AB6-235D-4AE1-96C8-3E2D85FF6AF1}.Release|x64.ActiveCfg = Release|Any CPU
		{0E099AB6-235D-4AE1-96C8-3E2D85FF6AF1}.Release|x86.ActiveCfg = Release|Any CPU
		{FA9C977B-585B-4AC5-A870-168BF0A53BA8}.Debug|Any CPU.ActiveCfg = Debug|Any CPU
		{FA9C977B-585B-4AC5-A870-168BF0A53BA8}.Debug|Any CPU.Build.0 = Debug|Any CPU
		{FA9C977B-585B-4AC5-A870-168BF0A53BA8}.Debug|ARM.ActiveCfg = Debug|Any CPU
		{FA9C977B-585B-4AC5-A870-168BF0A53BA8}.Debug|x64.ActiveCfg = Debug|Any CPU
		{FA9C977B-585B-4AC5-A870-168BF0A53BA8}.Debug|x86.ActiveCfg = Debug|Any CPU
		{FA9C977B-585B-4AC5-A870-168BF0A53BA8}.Release|Any CPU.ActiveCfg = Release|Any CPU
		{FA9C977B-585B-4AC5-A870-168BF0A53BA8}.Release|Any CPU.Build.0 = Release|Any CPU
		{FA9C977B-585B-4AC5-A870-168BF0A53BA8}.Release|ARM.ActiveCfg = Release|Any CPU
		{FA9C977B-585B-4AC5-A870-168BF0A53BA8}.Release|x64.ActiveCfg = Release|Any CPU
		{FA9C977B-585B-4AC5-A870-168BF0A53BA8}.Release|x86.ActiveCfg = Release|Any CPU
		{6EBA4B51-3705-4AF7-A682-5BD5E7C80655}.Debug|Any CPU.ActiveCfg = Debug|Any CPU
		{6EBA4B51-3705-4AF7-A682-5BD5E7C80655}.Debug|Any CPU.Build.0 = Debug|Any CPU
		{6EBA4B51-3705-4AF7-A682-5BD5E7C80655}.Debug|ARM.ActiveCfg = Debug|Any CPU
		{6EBA4B51-3705-4AF7-A682-5BD5E7C80655}.Debug|x64.ActiveCfg = Debug|Any CPU
		{6EBA4B51-3705-4AF7-A682-5BD5E7C80655}.Debug|x86.ActiveCfg = Debug|Any CPU
		{6EBA4B51-3705-4AF7-A682-5BD5E7C80655}.Release|Any CPU.ActiveCfg = Release|Any CPU
		{6EBA4B51-3705-4AF7-A682-5BD5E7C80655}.Release|Any CPU.Build.0 = Release|Any CPU
		{6EBA4B51-3705-4AF7-A682-5BD5E7C80655}.Release|ARM.ActiveCfg = Release|Any CPU
		{6EBA4B51-3705-4AF7-A682-5BD5E7C80655}.Release|x64.ActiveCfg = Release|Any CPU
		{6EBA4B51-3705-4AF7-A682-5BD5E7C80655}.Release|x86.ActiveCfg = Release|Any CPU
		{D43A799A-938E-428D-87A5-E5200B2B4C3F}.Debug|Any CPU.ActiveCfg = Debug|Any CPU
		{D43A799A-938E-428D-87A5-E5200B2B4C3F}.Debug|Any CPU.Build.0 = Debug|Any CPU
		{D43A799A-938E-428D-87A5-E5200B2B4C3F}.Debug|ARM.ActiveCfg = Debug|Any CPU
		{D43A799A-938E-428D-87A5-E5200B2B4C3F}.Debug|x64.ActiveCfg = Debug|Any CPU
		{D43A799A-938E-428D-87A5-E5200B2B4C3F}.Debug|x86.ActiveCfg = Debug|Any CPU
		{D43A799A-938E-428D-87A5-E5200B2B4C3F}.Release|Any CPU.ActiveCfg = Release|Any CPU
		{D43A799A-938E-428D-87A5-E5200B2B4C3F}.Release|Any CPU.Build.0 = Release|Any CPU
		{D43A799A-938E-428D-87A5-E5200B2B4C3F}.Release|ARM.ActiveCfg = Release|Any CPU
		{D43A799A-938E-428D-87A5-E5200B2B4C3F}.Release|x64.ActiveCfg = Release|Any CPU
		{D43A799A-938E-428D-87A5-E5200B2B4C3F}.Release|x86.ActiveCfg = Release|Any CPU
		{1F139B66-9CF8-4FDE-BC15-7FC1CECC4B2F}.Debug|Any CPU.ActiveCfg = Debug|Any CPU
		{1F139B66-9CF8-4FDE-BC15-7FC1CECC4B2F}.Debug|Any CPU.Build.0 = Debug|Any CPU
		{1F139B66-9CF8-4FDE-BC15-7FC1CECC4B2F}.Debug|ARM.ActiveCfg = Debug|Any CPU
		{1F139B66-9CF8-4FDE-BC15-7FC1CECC4B2F}.Debug|x64.ActiveCfg = Debug|Any CPU
		{1F139B66-9CF8-4FDE-BC15-7FC1CECC4B2F}.Debug|x86.ActiveCfg = Debug|Any CPU
		{1F139B66-9CF8-4FDE-BC15-7FC1CECC4B2F}.Release|Any CPU.ActiveCfg = Release|Any CPU
		{1F139B66-9CF8-4FDE-BC15-7FC1CECC4B2F}.Release|Any CPU.Build.0 = Release|Any CPU
		{1F139B66-9CF8-4FDE-BC15-7FC1CECC4B2F}.Release|ARM.ActiveCfg = Release|Any CPU
		{1F139B66-9CF8-4FDE-BC15-7FC1CECC4B2F}.Release|x64.ActiveCfg = Release|Any CPU
		{1F139B66-9CF8-4FDE-BC15-7FC1CECC4B2F}.Release|x86.ActiveCfg = Release|Any CPU
		{9A59D96C-3D7B-414E-B097-BD6F4B01C457}.Debug|Any CPU.ActiveCfg = Debug|Any CPU
		{9A59D96C-3D7B-414E-B097-BD6F4B01C457}.Debug|Any CPU.Build.0 = Debug|Any CPU
		{9A59D96C-3D7B-414E-B097-BD6F4B01C457}.Debug|ARM.ActiveCfg = Debug|Any CPU
		{9A59D96C-3D7B-414E-B097-BD6F4B01C457}.Debug|x64.ActiveCfg = Debug|Any CPU
		{9A59D96C-3D7B-414E-B097-BD6F4B01C457}.Debug|x86.ActiveCfg = Debug|Any CPU
		{9A59D96C-3D7B-414E-B097-BD6F4B01C457}.Release|Any CPU.ActiveCfg = Release|Any CPU
		{9A59D96C-3D7B-414E-B097-BD6F4B01C457}.Release|Any CPU.Build.0 = Release|Any CPU
		{9A59D96C-3D7B-414E-B097-BD6F4B01C457}.Release|ARM.ActiveCfg = Release|Any CPU
		{9A59D96C-3D7B-414E-B097-BD6F4B01C457}.Release|x64.ActiveCfg = Release|Any CPU
		{9A59D96C-3D7B-414E-B097-BD6F4B01C457}.Release|x86.ActiveCfg = Release|Any CPU
		{FD2CE39E-2E7F-4EC2-A06C-3D78E3CEF22E}.Debug|Any CPU.ActiveCfg = Debug|Any CPU
		{FD2CE39E-2E7F-4EC2-A06C-3D78E3CEF22E}.Debug|Any CPU.Build.0 = Debug|Any CPU
		{FD2CE39E-2E7F-4EC2-A06C-3D78E3CEF22E}.Debug|ARM.ActiveCfg = Debug|Any CPU
		{FD2CE39E-2E7F-4EC2-A06C-3D78E3CEF22E}.Debug|x64.ActiveCfg = Debug|Any CPU
		{FD2CE39E-2E7F-4EC2-A06C-3D78E3CEF22E}.Debug|x86.ActiveCfg = Debug|Any CPU
		{FD2CE39E-2E7F-4EC2-A06C-3D78E3CEF22E}.Release|Any CPU.ActiveCfg = Release|Any CPU
		{FD2CE39E-2E7F-4EC2-A06C-3D78E3CEF22E}.Release|Any CPU.Build.0 = Release|Any CPU
		{FD2CE39E-2E7F-4EC2-A06C-3D78E3CEF22E}.Release|ARM.ActiveCfg = Release|Any CPU
		{FD2CE39E-2E7F-4EC2-A06C-3D78E3CEF22E}.Release|x64.ActiveCfg = Release|Any CPU
		{FD2CE39E-2E7F-4EC2-A06C-3D78E3CEF22E}.Release|x86.ActiveCfg = Release|Any CPU
		{1FE13CD6-6F35-4C73-9FEB-AC1C4519362D}.Debug|Any CPU.ActiveCfg = Debug|Any CPU
		{1FE13CD6-6F35-4C73-9FEB-AC1C4519362D}.Debug|Any CPU.Build.0 = Debug|Any CPU
		{1FE13CD6-6F35-4C73-9FEB-AC1C4519362D}.Debug|ARM.ActiveCfg = Debug|Any CPU
		{1FE13CD6-6F35-4C73-9FEB-AC1C4519362D}.Debug|x64.ActiveCfg = Debug|Any CPU
		{1FE13CD6-6F35-4C73-9FEB-AC1C4519362D}.Debug|x86.ActiveCfg = Debug|Any CPU
		{1FE13CD6-6F35-4C73-9FEB-AC1C4519362D}.Release|Any CPU.ActiveCfg = Release|Any CPU
		{1FE13CD6-6F35-4C73-9FEB-AC1C4519362D}.Release|Any CPU.Build.0 = Release|Any CPU
		{1FE13CD6-6F35-4C73-9FEB-AC1C4519362D}.Release|ARM.ActiveCfg = Release|Any CPU
		{1FE13CD6-6F35-4C73-9FEB-AC1C4519362D}.Release|x64.ActiveCfg = Release|Any CPU
		{1FE13CD6-6F35-4C73-9FEB-AC1C4519362D}.Release|x86.ActiveCfg = Release|Any CPU
	EndGlobalSection
	GlobalSection(SolutionProperties) = preSolution
		HideSolutionNode = FALSE
	EndGlobalSection
	GlobalSection(NestedProjects) = preSolution
		{250CAB0E-A7F8-495B-B090-DB0AF1D51514} = {E502625D-7CC7-401B-ACDF-678B68F59005}
		{11B3395E-A064-4250-A1CD-8CF165E7F21F} = {E502625D-7CC7-401B-ACDF-678B68F59005}
		{3D709C83-E2D1-4288-84D7-CBAF3C6B1BAC} = {E502625D-7CC7-401B-ACDF-678B68F59005}
		{805E1F16-7A10-42A2-82BA-5012412144BB} = {11B3395E-A064-4250-A1CD-8CF165E7F21F}
		{96F837EA-C848-4AA4-AF9D-6FA1B370506F} = {250CAB0E-A7F8-495B-B090-DB0AF1D51514}
		{DBEB5ED3-4622-408E-92D9-EC60F316A5C9} = {E502625D-7CC7-401B-ACDF-678B68F59005}
		{608C0720-4276-47B0-B131-7A2267735C58} = {6F7CA0E0-A61D-4AFF-BEA4-413D67116693}
		{E16A2BF1-3801-4615-A79E-52CEDF260A89} = {C2F44359-4C7B-47FF-97F6-614F1810A1EC}
		{F77A6406-6745-4EB1-BEE4-42E5AC4EB0F6} = {F02B8774-A726-4B04-BE60-D1BD78412E5D}
		{D22473C6-3A99-4FDB-8A92-97BD07DCFD6B} = {E502625D-7CC7-401B-ACDF-678B68F59005}
		{F092BDC9-B58A-4F43-A37B-BDCA9825FD03} = {ECF44968-9A75-43A8-9610-6FA289B0A37D}
		{2909C5C6-B2C7-49A4-BF8F-2225433EFFDF} = {D713B2DB-837F-4445-950B-0DC29C82469C}
		{45857215-F067-4652-8C87-71E7D8F432A7} = {3C66C6EC-07DE-4DC8-8C6B-36972310325B}
		{BC10FCE0-C843-4592-802D-BB800A514CA0} = {3D709C83-E2D1-4288-84D7-CBAF3C6B1BAC}
		{09D9C5AF-1D17-4C77-A5D4-CFDF278DF4A3} = {3D709C83-E2D1-4288-84D7-CBAF3C6B1BAC}
		{24614A48-3155-4428-BDC4-7C79AE8CEDC3} = {559582ED-9C37-4CB0-B59E-CD90E133859B}
		{850DDB5D-1694-4D89-AF95-A8E31305A53C} = {C417BB89-7588-4FAB-B234-A35EF8C240E6}
		{6F7CA0E0-A61D-4AFF-BEA4-413D67116693} = {DBEB5ED3-4622-408E-92D9-EC60F316A5C9}
		{C417BB89-7588-4FAB-B234-A35EF8C240E6} = {DBEB5ED3-4622-408E-92D9-EC60F316A5C9}
		{ECF44968-9A75-43A8-9610-6FA289B0A37D} = {DBEB5ED3-4622-408E-92D9-EC60F316A5C9}
		{3C66C6EC-07DE-4DC8-8C6B-36972310325B} = {DBEB5ED3-4622-408E-92D9-EC60F316A5C9}
		{C2F44359-4C7B-47FF-97F6-614F1810A1EC} = {3D709C83-E2D1-4288-84D7-CBAF3C6B1BAC}
		{559582ED-9C37-4CB0-B59E-CD90E133859B} = {3D709C83-E2D1-4288-84D7-CBAF3C6B1BAC}
		{F02B8774-A726-4B04-BE60-D1BD78412E5D} = {3D709C83-E2D1-4288-84D7-CBAF3C6B1BAC}
		{D713B2DB-837F-4445-950B-0DC29C82469C} = {3D709C83-E2D1-4288-84D7-CBAF3C6B1BAC}
		{1B9B5A92-56D2-4250-A3CC-993EEFFB2E86} = {6F7CA0E0-A61D-4AFF-BEA4-413D67116693}
		{0280E6B2-58E3-4379-9502-DE186CED9577} = {C417BB89-7588-4FAB-B234-A35EF8C240E6}
		{84D8F34F-57D6-45AD-9449-FB461698A3CF} = {ECF44968-9A75-43A8-9610-6FA289B0A37D}
		{4F1A8F2D-73BA-415D-B741-9AB66F2735DC} = {3C66C6EC-07DE-4DC8-8C6B-36972310325B}
		{BF3ABC91-F3F1-4C8A-A418-1B845724CC7F} = {11B3395E-A064-4250-A1CD-8CF165E7F21F}
		{7EFD7F52-35C2-4800-927D-55AD1EA843AD} = {C2F44359-4C7B-47FF-97F6-614F1810A1EC}
		{378728E2-1764-42E3-8952-9E2C2AB8D57A} = {559582ED-9C37-4CB0-B59E-CD90E133859B}
		{D2D05B12-63AB-4004-94A0-707F976A3F2B} = {F02B8774-A726-4B04-BE60-D1BD78412E5D}
		{21FB6308-232E-48B2-BF53-CFF8BA03F828} = {D713B2DB-837F-4445-950B-0DC29C82469C}
		{9D628894-BDD8-470B-8DC9-7BF2F7073EE5} = {250CAB0E-A7F8-495B-B090-DB0AF1D51514}
		{AD1EAA55-6B88-45F5-B58B-5CFA4B015D9F} = {6F7CA0E0-A61D-4AFF-BEA4-413D67116693}
		{E004866F-01A2-467D-8C77-5216EB9CA71E} = {11B3395E-A064-4250-A1CD-8CF165E7F21F}
		{0E099AB6-235D-4AE1-96C8-3E2D85FF6AF1} = {C2F44359-4C7B-47FF-97F6-614F1810A1EC}
		{FA9C977B-585B-4AC5-A870-168BF0A53BA8} = {559582ED-9C37-4CB0-B59E-CD90E133859B}
		{6EBA4B51-3705-4AF7-A682-5BD5E7C80655} = {F02B8774-A726-4B04-BE60-D1BD78412E5D}
		{D43A799A-938E-428D-87A5-E5200B2B4C3F} = {D713B2DB-837F-4445-950B-0DC29C82469C}
		{1F139B66-9CF8-4FDE-BC15-7FC1CECC4B2F} = {250CAB0E-A7F8-495B-B090-DB0AF1D51514}
		{9A59D96C-3D7B-414E-B097-BD6F4B01C457} = {C417BB89-7588-4FAB-B234-A35EF8C240E6}
		{FD2CE39E-2E7F-4EC2-A06C-3D78E3CEF22E} = {ECF44968-9A75-43A8-9610-6FA289B0A37D}
		{1FE13CD6-6F35-4C73-9FEB-AC1C4519362D} = {3C66C6EC-07DE-4DC8-8C6B-36972310325B}
	EndGlobalSection
EndGlobal
