
Microsoft Visual Studio Solution File, Format Version 12.00
# Visual Studio 15
VisualStudioVersion = 15.0.26403.7
MinimumVisualStudioVersion = 10.0.40219.1
Project("{2150E333-8FDC-42A3-9474-1A3956D46DE8}") = "src", "src", "{E502625D-7CC7-401B-ACDF-678B68F59005}"
EndProject
Project("{2150E333-8FDC-42A3-9474-1A3956D46DE8}") = "Orchestra.Tests", "Orchestra.Tests", "{250CAB0E-A7F8-495B-B090-DB0AF1D51514}"
EndProject
Project("{2150E333-8FDC-42A3-9474-1A3956D46DE8}") = "Examples", "Examples", "{DBEB5ED3-4622-408E-92D9-EC60F316A5C9}"
EndProject
Project("{2150E333-8FDC-42A3-9474-1A3956D46DE8}") = "misc", "misc", "{2FFC28B3-04F2-426B-B01A-003AB502371C}"
	ProjectSection(SolutionItems) = preProject
		Directory.build.project.props = Directory.build.project.props
		Directory.build.props = Directory.build.props
		Directory.build.shared.explicit.props = Directory.build.shared.explicit.props
		Directory.build.shared.implicit.props = Directory.build.shared.implicit.props
		Directory.build.targets = Directory.build.targets
		GlobalSuppressions.cs = GlobalSuppressions.cs
		MethodTimeLogger.cs = MethodTimeLogger.cs
		Orchestra.sln.DotSettings = Orchestra.sln.DotSettings
		SolutionAssemblyInfo.cs = SolutionAssemblyInfo.cs
	EndProjectSection
EndProject
Project("{2150E333-8FDC-42A3-9474-1A3956D46DE8}") = "Core", "Core", "{90FDC9B8-335D-49AF-99F2-E826E2A40F69}"
EndProject
Project("{9A19103F-16F7-4668-BE54-9A1E7A4F7556}") = "Orchestra.Core", "Orchestra.Core\Orchestra.Core.csproj", "{7A002EA3-C69B-4C03-91D6-9369A12442D7}"
EndProject
Project("{D954291E-2A0B-460D-934E-DC6B0785DB48}") = "Orchestra.Shell.Shared", "Orchestra.Shell.Shared\Orchestra.Shell.Shared.shproj", "{BC10FCE0-C843-4592-802D-BB800A514CA0}"
EndProject
Project("{D954291E-2A0B-460D-934E-DC6B0785DB48}") = "Orchestra.Shell.Ribbon.Shared", "Orchestra.Shell.Ribbon.Shared\Orchestra.Shell.Ribbon.Shared.shproj", "{09D9C5AF-1D17-4C77-A5D4-CFDF278DF4A3}"
EndProject
Project("{9A19103F-16F7-4668-BE54-9A1E7A4F7556}") = "Orchestra.Shell.MahApps", "Orchestra.Shell.MahApps\Orchestra.Shell.MahApps.csproj", "{1C5AD8F3-53CE-43AF-9332-A5496C24F9A6}"
EndProject
Project("{9A19103F-16F7-4668-BE54-9A1E7A4F7556}") = "Orchestra.Shell.Ribbon.Fluent", "Orchestra.Shell.Ribbon.Fluent\Orchestra.Shell.Ribbon.Fluent.csproj", "{3EFC1D51-6E97-49D8-BF45-A3D8AA83B68F}"
EndProject
Project("{9A19103F-16F7-4668-BE54-9A1E7A4F7556}") = "Orchestra.Shell.Ribbon.Microsoft", "Orchestra.Shell.Ribbon.Microsoft\Orchestra.Shell.Ribbon.Microsoft.csproj", "{04F55548-4F47-4CF0-BA14-0FD04D01BDEA}"
EndProject
Project("{9A19103F-16F7-4668-BE54-9A1E7A4F7556}") = "Orchestra.Shell.TaskRunner", "Orchestra.Shell.TaskRunner\Orchestra.Shell.TaskRunner.csproj", "{97A27409-A4FA-4D9D-BB48-B5087E55FD52}"
EndProject
Project("{9A19103F-16F7-4668-BE54-9A1E7A4F7556}") = "Orchestra.Examples.MahApps", "Orchestra.Examples.MahApps\Orchestra.Examples.MahApps.csproj", "{BE068F99-1A40-4A4D-BF5E-80B2F1DD485D}"
EndProject
Project("{9A19103F-16F7-4668-BE54-9A1E7A4F7556}") = "Orchestra.Examples.Ribbon.Fluent", "Orchestra.Examples.Ribbon.Fluent\Orchestra.Examples.Ribbon.Fluent.csproj", "{E1584C1C-2434-480D-A98E-617E42ED8021}"
EndProject
Project("{9A19103F-16F7-4668-BE54-9A1E7A4F7556}") = "Orchestra.Examples.Ribbon.Microsoft", "Orchestra.Examples.Ribbon.Microsoft\Orchestra.Examples.Ribbon.Microsoft.csproj", "{05269080-B7D0-487C-83EB-38474D08B8A1}"
EndProject
Project("{9A19103F-16F7-4668-BE54-9A1E7A4F7556}") = "Orchestra.Examples.TaskRunner", "Orchestra.Examples.TaskRunner\Orchestra.Examples.TaskRunner.csproj", "{E291C61C-F854-42FD-90DF-A1BA53B6E24B}"
EndProject
Project("{D954291E-2A0B-460D-934E-DC6B0785DB48}") = "Orchestra.Tests.Shared", "Orchestra.Tests.Shared\Orchestra.Tests.Shared.shproj", "{9D628894-BDD8-470B-8DC9-7BF2F7073EE5}"
EndProject
Project("{FAE04EC0-301F-11D3-BF4B-00C04F79EFBC}") = "Orchestra.Tests.NET", "Orchestra.Tests.NET\Orchestra.Tests.NET.csproj", "{C57E0480-669C-486E-B606-748AFF13AE78}"
EndProject
Global
	GlobalSection(SharedMSBuildProjectFiles) = preSolution
		Orchestra.Shell.Ribbon.Shared\Orchestra.Shell.Ribbon.Shared.projitems*{09d9c5af-1d17-4c77-a5d4-cfdf278df4a3}*SharedItemsImports = 13
		Orchestra.Tests.Shared\Orchestra.Tests.Shared.projitems*{9d628894-bdd8-470b-8dc9-7bf2f7073ee5}*SharedItemsImports = 13
		Orchestra.Shell.Shared\Orchestra.Shell.Shared.projitems*{bc10fce0-c843-4592-802d-bb800a514ca0}*SharedItemsImports = 13
		Orchestra.Tests.Shared\Orchestra.Tests.Shared.projitems*{c57e0480-669c-486e-b606-748aff13ae78}*SharedItemsImports = 4
	EndGlobalSection
	GlobalSection(SolutionConfigurationPlatforms) = preSolution
		Debug|Any CPU = Debug|Any CPU
		Debug|ARM = Debug|ARM
		Debug|x64 = Debug|x64
		Debug|x86 = Debug|x86
		Release|Any CPU = Release|Any CPU
		Release|ARM = Release|ARM
		Release|x64 = Release|x64
		Release|x86 = Release|x86
	EndGlobalSection
	GlobalSection(ProjectConfigurationPlatforms) = postSolution
		{7A002EA3-C69B-4C03-91D6-9369A12442D7}.Debug|Any CPU.ActiveCfg = Debug|Any CPU
		{7A002EA3-C69B-4C03-91D6-9369A12442D7}.Debug|Any CPU.Build.0 = Debug|Any CPU
		{7A002EA3-C69B-4C03-91D6-9369A12442D7}.Debug|ARM.ActiveCfg = Debug|Any CPU
		{7A002EA3-C69B-4C03-91D6-9369A12442D7}.Debug|ARM.Build.0 = Debug|Any CPU
		{7A002EA3-C69B-4C03-91D6-9369A12442D7}.Debug|x64.ActiveCfg = Debug|Any CPU
		{7A002EA3-C69B-4C03-91D6-9369A12442D7}.Debug|x64.Build.0 = Debug|Any CPU
		{7A002EA3-C69B-4C03-91D6-9369A12442D7}.Debug|x86.ActiveCfg = Debug|Any CPU
		{7A002EA3-C69B-4C03-91D6-9369A12442D7}.Debug|x86.Build.0 = Debug|Any CPU
		{7A002EA3-C69B-4C03-91D6-9369A12442D7}.Release|Any CPU.ActiveCfg = Release|Any CPU
		{7A002EA3-C69B-4C03-91D6-9369A12442D7}.Release|Any CPU.Build.0 = Release|Any CPU
		{7A002EA3-C69B-4C03-91D6-9369A12442D7}.Release|ARM.ActiveCfg = Release|Any CPU
		{7A002EA3-C69B-4C03-91D6-9369A12442D7}.Release|ARM.Build.0 = Release|Any CPU
		{7A002EA3-C69B-4C03-91D6-9369A12442D7}.Release|x64.ActiveCfg = Release|Any CPU
		{7A002EA3-C69B-4C03-91D6-9369A12442D7}.Release|x64.Build.0 = Release|Any CPU
		{7A002EA3-C69B-4C03-91D6-9369A12442D7}.Release|x86.ActiveCfg = Release|Any CPU
		{7A002EA3-C69B-4C03-91D6-9369A12442D7}.Release|x86.Build.0 = Release|Any CPU
		{1C5AD8F3-53CE-43AF-9332-A5496C24F9A6}.Debug|Any CPU.ActiveCfg = Debug|Any CPU
		{1C5AD8F3-53CE-43AF-9332-A5496C24F9A6}.Debug|Any CPU.Build.0 = Debug|Any CPU
		{1C5AD8F3-53CE-43AF-9332-A5496C24F9A6}.Debug|ARM.ActiveCfg = Debug|Any CPU
		{1C5AD8F3-53CE-43AF-9332-A5496C24F9A6}.Debug|ARM.Build.0 = Debug|Any CPU
		{1C5AD8F3-53CE-43AF-9332-A5496C24F9A6}.Debug|x64.ActiveCfg = Debug|Any CPU
		{1C5AD8F3-53CE-43AF-9332-A5496C24F9A6}.Debug|x64.Build.0 = Debug|Any CPU
		{1C5AD8F3-53CE-43AF-9332-A5496C24F9A6}.Debug|x86.ActiveCfg = Debug|Any CPU
		{1C5AD8F3-53CE-43AF-9332-A5496C24F9A6}.Debug|x86.Build.0 = Debug|Any CPU
		{1C5AD8F3-53CE-43AF-9332-A5496C24F9A6}.Release|Any CPU.ActiveCfg = Release|Any CPU
		{1C5AD8F3-53CE-43AF-9332-A5496C24F9A6}.Release|Any CPU.Build.0 = Release|Any CPU
		{1C5AD8F3-53CE-43AF-9332-A5496C24F9A6}.Release|ARM.ActiveCfg = Release|Any CPU
		{1C5AD8F3-53CE-43AF-9332-A5496C24F9A6}.Release|ARM.Build.0 = Release|Any CPU
		{1C5AD8F3-53CE-43AF-9332-A5496C24F9A6}.Release|x64.ActiveCfg = Release|Any CPU
		{1C5AD8F3-53CE-43AF-9332-A5496C24F9A6}.Release|x64.Build.0 = Release|Any CPU
		{1C5AD8F3-53CE-43AF-9332-A5496C24F9A6}.Release|x86.ActiveCfg = Release|Any CPU
		{1C5AD8F3-53CE-43AF-9332-A5496C24F9A6}.Release|x86.Build.0 = Release|Any CPU
		{3EFC1D51-6E97-49D8-BF45-A3D8AA83B68F}.Debug|Any CPU.ActiveCfg = Debug|Any CPU
		{3EFC1D51-6E97-49D8-BF45-A3D8AA83B68F}.Debug|Any CPU.Build.0 = Debug|Any CPU
		{3EFC1D51-6E97-49D8-BF45-A3D8AA83B68F}.Debug|ARM.ActiveCfg = Debug|Any CPU
		{3EFC1D51-6E97-49D8-BF45-A3D8AA83B68F}.Debug|ARM.Build.0 = Debug|Any CPU
		{3EFC1D51-6E97-49D8-BF45-A3D8AA83B68F}.Debug|x64.ActiveCfg = Debug|Any CPU
		{3EFC1D51-6E97-49D8-BF45-A3D8AA83B68F}.Debug|x64.Build.0 = Debug|Any CPU
		{3EFC1D51-6E97-49D8-BF45-A3D8AA83B68F}.Debug|x86.ActiveCfg = Debug|Any CPU
		{3EFC1D51-6E97-49D8-BF45-A3D8AA83B68F}.Debug|x86.Build.0 = Debug|Any CPU
		{3EFC1D51-6E97-49D8-BF45-A3D8AA83B68F}.Release|Any CPU.ActiveCfg = Release|Any CPU
		{3EFC1D51-6E97-49D8-BF45-A3D8AA83B68F}.Release|Any CPU.Build.0 = Release|Any CPU
		{3EFC1D51-6E97-49D8-BF45-A3D8AA83B68F}.Release|ARM.ActiveCfg = Release|Any CPU
		{3EFC1D51-6E97-49D8-BF45-A3D8AA83B68F}.Release|ARM.Build.0 = Release|Any CPU
		{3EFC1D51-6E97-49D8-BF45-A3D8AA83B68F}.Release|x64.ActiveCfg = Release|Any CPU
		{3EFC1D51-6E97-49D8-BF45-A3D8AA83B68F}.Release|x64.Build.0 = Release|Any CPU
		{3EFC1D51-6E97-49D8-BF45-A3D8AA83B68F}.Release|x86.ActiveCfg = Release|Any CPU
		{3EFC1D51-6E97-49D8-BF45-A3D8AA83B68F}.Release|x86.Build.0 = Release|Any CPU
		{04F55548-4F47-4CF0-BA14-0FD04D01BDEA}.Debug|Any CPU.ActiveCfg = Debug|Any CPU
		{04F55548-4F47-4CF0-BA14-0FD04D01BDEA}.Debug|Any CPU.Build.0 = Debug|Any CPU
		{04F55548-4F47-4CF0-BA14-0FD04D01BDEA}.Debug|ARM.ActiveCfg = Debug|Any CPU
		{04F55548-4F47-4CF0-BA14-0FD04D01BDEA}.Debug|ARM.Build.0 = Debug|Any CPU
		{04F55548-4F47-4CF0-BA14-0FD04D01BDEA}.Debug|x64.ActiveCfg = Debug|Any CPU
		{04F55548-4F47-4CF0-BA14-0FD04D01BDEA}.Debug|x64.Build.0 = Debug|Any CPU
		{04F55548-4F47-4CF0-BA14-0FD04D01BDEA}.Debug|x86.ActiveCfg = Debug|Any CPU
		{04F55548-4F47-4CF0-BA14-0FD04D01BDEA}.Debug|x86.Build.0 = Debug|Any CPU
		{04F55548-4F47-4CF0-BA14-0FD04D01BDEA}.Release|Any CPU.ActiveCfg = Release|Any CPU
		{04F55548-4F47-4CF0-BA14-0FD04D01BDEA}.Release|Any CPU.Build.0 = Release|Any CPU
		{04F55548-4F47-4CF0-BA14-0FD04D01BDEA}.Release|ARM.ActiveCfg = Release|Any CPU
		{04F55548-4F47-4CF0-BA14-0FD04D01BDEA}.Release|ARM.Build.0 = Release|Any CPU
		{04F55548-4F47-4CF0-BA14-0FD04D01BDEA}.Release|x64.ActiveCfg = Release|Any CPU
		{04F55548-4F47-4CF0-BA14-0FD04D01BDEA}.Release|x64.Build.0 = Release|Any CPU
		{04F55548-4F47-4CF0-BA14-0FD04D01BDEA}.Release|x86.ActiveCfg = Release|Any CPU
		{04F55548-4F47-4CF0-BA14-0FD04D01BDEA}.Release|x86.Build.0 = Release|Any CPU
		{97A27409-A4FA-4D9D-BB48-B5087E55FD52}.Debug|Any CPU.ActiveCfg = Debug|Any CPU
		{97A27409-A4FA-4D9D-BB48-B5087E55FD52}.Debug|Any CPU.Build.0 = Debug|Any CPU
		{97A27409-A4FA-4D9D-BB48-B5087E55FD52}.Debug|ARM.ActiveCfg = Debug|Any CPU
		{97A27409-A4FA-4D9D-BB48-B5087E55FD52}.Debug|ARM.Build.0 = Debug|Any CPU
		{97A27409-A4FA-4D9D-BB48-B5087E55FD52}.Debug|x64.ActiveCfg = Debug|Any CPU
		{97A27409-A4FA-4D9D-BB48-B5087E55FD52}.Debug|x64.Build.0 = Debug|Any CPU
		{97A27409-A4FA-4D9D-BB48-B5087E55FD52}.Debug|x86.ActiveCfg = Debug|Any CPU
		{97A27409-A4FA-4D9D-BB48-B5087E55FD52}.Debug|x86.Build.0 = Debug|Any CPU
		{97A27409-A4FA-4D9D-BB48-B5087E55FD52}.Release|Any CPU.ActiveCfg = Release|Any CPU
		{97A27409-A4FA-4D9D-BB48-B5087E55FD52}.Release|Any CPU.Build.0 = Release|Any CPU
		{97A27409-A4FA-4D9D-BB48-B5087E55FD52}.Release|ARM.ActiveCfg = Release|Any CPU
		{97A27409-A4FA-4D9D-BB48-B5087E55FD52}.Release|ARM.Build.0 = Release|Any CPU
		{97A27409-A4FA-4D9D-BB48-B5087E55FD52}.Release|x64.ActiveCfg = Release|Any CPU
		{97A27409-A4FA-4D9D-BB48-B5087E55FD52}.Release|x64.Build.0 = Release|Any CPU
		{97A27409-A4FA-4D9D-BB48-B5087E55FD52}.Release|x86.ActiveCfg = Release|Any CPU
		{97A27409-A4FA-4D9D-BB48-B5087E55FD52}.Release|x86.Build.0 = Release|Any CPU
		{BE068F99-1A40-4A4D-BF5E-80B2F1DD485D}.Debug|Any CPU.ActiveCfg = Debug|Any CPU
		{BE068F99-1A40-4A4D-BF5E-80B2F1DD485D}.Debug|Any CPU.Build.0 = Debug|Any CPU
		{BE068F99-1A40-4A4D-BF5E-80B2F1DD485D}.Debug|ARM.ActiveCfg = Debug|Any CPU
		{BE068F99-1A40-4A4D-BF5E-80B2F1DD485D}.Debug|ARM.Build.0 = Debug|Any CPU
		{BE068F99-1A40-4A4D-BF5E-80B2F1DD485D}.Debug|x64.ActiveCfg = Debug|Any CPU
		{BE068F99-1A40-4A4D-BF5E-80B2F1DD485D}.Debug|x64.Build.0 = Debug|Any CPU
		{BE068F99-1A40-4A4D-BF5E-80B2F1DD485D}.Debug|x86.ActiveCfg = Debug|Any CPU
		{BE068F99-1A40-4A4D-BF5E-80B2F1DD485D}.Debug|x86.Build.0 = Debug|Any CPU
		{BE068F99-1A40-4A4D-BF5E-80B2F1DD485D}.Release|Any CPU.ActiveCfg = Release|Any CPU
		{BE068F99-1A40-4A4D-BF5E-80B2F1DD485D}.Release|Any CPU.Build.0 = Release|Any CPU
		{BE068F99-1A40-4A4D-BF5E-80B2F1DD485D}.Release|ARM.ActiveCfg = Release|Any CPU
		{BE068F99-1A40-4A4D-BF5E-80B2F1DD485D}.Release|ARM.Build.0 = Release|Any CPU
		{BE068F99-1A40-4A4D-BF5E-80B2F1DD485D}.Release|x64.ActiveCfg = Release|Any CPU
		{BE068F99-1A40-4A4D-BF5E-80B2F1DD485D}.Release|x64.Build.0 = Release|Any CPU
		{BE068F99-1A40-4A4D-BF5E-80B2F1DD485D}.Release|x86.ActiveCfg = Release|Any CPU
		{BE068F99-1A40-4A4D-BF5E-80B2F1DD485D}.Release|x86.Build.0 = Release|Any CPU
		{E1584C1C-2434-480D-A98E-617E42ED8021}.Debug|Any CPU.ActiveCfg = Debug|Any CPU
		{E1584C1C-2434-480D-A98E-617E42ED8021}.Debug|Any CPU.Build.0 = Debug|Any CPU
		{E1584C1C-2434-480D-A98E-617E42ED8021}.Debug|ARM.ActiveCfg = Debug|Any CPU
		{E1584C1C-2434-480D-A98E-617E42ED8021}.Debug|ARM.Build.0 = Debug|Any CPU
		{E1584C1C-2434-480D-A98E-617E42ED8021}.Debug|x64.ActiveCfg = Debug|Any CPU
		{E1584C1C-2434-480D-A98E-617E42ED8021}.Debug|x64.Build.0 = Debug|Any CPU
		{E1584C1C-2434-480D-A98E-617E42ED8021}.Debug|x86.ActiveCfg = Debug|Any CPU
		{E1584C1C-2434-480D-A98E-617E42ED8021}.Debug|x86.Build.0 = Debug|Any CPU
		{E1584C1C-2434-480D-A98E-617E42ED8021}.Release|Any CPU.ActiveCfg = Release|Any CPU
		{E1584C1C-2434-480D-A98E-617E42ED8021}.Release|Any CPU.Build.0 = Release|Any CPU
		{E1584C1C-2434-480D-A98E-617E42ED8021}.Release|ARM.ActiveCfg = Release|Any CPU
		{E1584C1C-2434-480D-A98E-617E42ED8021}.Release|ARM.Build.0 = Release|Any CPU
		{E1584C1C-2434-480D-A98E-617E42ED8021}.Release|x64.ActiveCfg = Release|Any CPU
		{E1584C1C-2434-480D-A98E-617E42ED8021}.Release|x64.Build.0 = Release|Any CPU
		{E1584C1C-2434-480D-A98E-617E42ED8021}.Release|x86.ActiveCfg = Release|Any CPU
		{E1584C1C-2434-480D-A98E-617E42ED8021}.Release|x86.Build.0 = Release|Any CPU
		{05269080-B7D0-487C-83EB-38474D08B8A1}.Debug|Any CPU.ActiveCfg = Debug|Any CPU
		{05269080-B7D0-487C-83EB-38474D08B8A1}.Debug|Any CPU.Build.0 = Debug|Any CPU
		{05269080-B7D0-487C-83EB-38474D08B8A1}.Debug|ARM.ActiveCfg = Debug|Any CPU
		{05269080-B7D0-487C-83EB-38474D08B8A1}.Debug|ARM.Build.0 = Debug|Any CPU
		{05269080-B7D0-487C-83EB-38474D08B8A1}.Debug|x64.ActiveCfg = Debug|Any CPU
		{05269080-B7D0-487C-83EB-38474D08B8A1}.Debug|x64.Build.0 = Debug|Any CPU
		{05269080-B7D0-487C-83EB-38474D08B8A1}.Debug|x86.ActiveCfg = Debug|Any CPU
		{05269080-B7D0-487C-83EB-38474D08B8A1}.Debug|x86.Build.0 = Debug|Any CPU
		{05269080-B7D0-487C-83EB-38474D08B8A1}.Release|Any CPU.ActiveCfg = Release|Any CPU
		{05269080-B7D0-487C-83EB-38474D08B8A1}.Release|Any CPU.Build.0 = Release|Any CPU
		{05269080-B7D0-487C-83EB-38474D08B8A1}.Release|ARM.ActiveCfg = Release|Any CPU
		{05269080-B7D0-487C-83EB-38474D08B8A1}.Release|ARM.Build.0 = Release|Any CPU
		{05269080-B7D0-487C-83EB-38474D08B8A1}.Release|x64.ActiveCfg = Release|Any CPU
		{05269080-B7D0-487C-83EB-38474D08B8A1}.Release|x64.Build.0 = Release|Any CPU
		{05269080-B7D0-487C-83EB-38474D08B8A1}.Release|x86.ActiveCfg = Release|Any CPU
		{05269080-B7D0-487C-83EB-38474D08B8A1}.Release|x86.Build.0 = Release|Any CPU
		{E291C61C-F854-42FD-90DF-A1BA53B6E24B}.Debug|Any CPU.ActiveCfg = Debug|Any CPU
		{E291C61C-F854-42FD-90DF-A1BA53B6E24B}.Debug|Any CPU.Build.0 = Debug|Any CPU
		{E291C61C-F854-42FD-90DF-A1BA53B6E24B}.Debug|ARM.ActiveCfg = Debug|Any CPU
		{E291C61C-F854-42FD-90DF-A1BA53B6E24B}.Debug|ARM.Build.0 = Debug|Any CPU
		{E291C61C-F854-42FD-90DF-A1BA53B6E24B}.Debug|x64.ActiveCfg = Debug|Any CPU
		{E291C61C-F854-42FD-90DF-A1BA53B6E24B}.Debug|x64.Build.0 = Debug|Any CPU
		{E291C61C-F854-42FD-90DF-A1BA53B6E24B}.Debug|x86.ActiveCfg = Debug|Any CPU
		{E291C61C-F854-42FD-90DF-A1BA53B6E24B}.Debug|x86.Build.0 = Debug|Any CPU
		{E291C61C-F854-42FD-90DF-A1BA53B6E24B}.Release|Any CPU.ActiveCfg = Release|Any CPU
		{E291C61C-F854-42FD-90DF-A1BA53B6E24B}.Release|Any CPU.Build.0 = Release|Any CPU
		{E291C61C-F854-42FD-90DF-A1BA53B6E24B}.Release|ARM.ActiveCfg = Release|Any CPU
		{E291C61C-F854-42FD-90DF-A1BA53B6E24B}.Release|ARM.Build.0 = Release|Any CPU
		{E291C61C-F854-42FD-90DF-A1BA53B6E24B}.Release|x64.ActiveCfg = Release|Any CPU
		{E291C61C-F854-42FD-90DF-A1BA53B6E24B}.Release|x64.Build.0 = Release|Any CPU
		{E291C61C-F854-42FD-90DF-A1BA53B6E24B}.Release|x86.ActiveCfg = Release|Any CPU
		{E291C61C-F854-42FD-90DF-A1BA53B6E24B}.Release|x86.Build.0 = Release|Any CPU
		{C57E0480-669C-486E-B606-748AFF13AE78}.Debug|Any CPU.ActiveCfg = Debug|Any CPU
		{C57E0480-669C-486E-B606-748AFF13AE78}.Debug|Any CPU.Build.0 = Debug|Any CPU
		{C57E0480-669C-486E-B606-748AFF13AE78}.Debug|ARM.ActiveCfg = Debug|Any CPU
		{C57E0480-669C-486E-B606-748AFF13AE78}.Debug|ARM.Build.0 = Debug|Any CPU
		{C57E0480-669C-486E-B606-748AFF13AE78}.Debug|x64.ActiveCfg = Debug|Any CPU
		{C57E0480-669C-486E-B606-748AFF13AE78}.Debug|x64.Build.0 = Debug|Any CPU
		{C57E0480-669C-486E-B606-748AFF13AE78}.Debug|x86.ActiveCfg = Debug|Any CPU
		{C57E0480-669C-486E-B606-748AFF13AE78}.Debug|x86.Build.0 = Debug|Any CPU
		{C57E0480-669C-486E-B606-748AFF13AE78}.Release|Any CPU.ActiveCfg = Release|Any CPU
		{C57E0480-669C-486E-B606-748AFF13AE78}.Release|Any CPU.Build.0 = Release|Any CPU
		{C57E0480-669C-486E-B606-748AFF13AE78}.Release|ARM.ActiveCfg = Release|Any CPU
		{C57E0480-669C-486E-B606-748AFF13AE78}.Release|ARM.Build.0 = Release|Any CPU
		{C57E0480-669C-486E-B606-748AFF13AE78}.Release|x64.ActiveCfg = Release|Any CPU
		{C57E0480-669C-486E-B606-748AFF13AE78}.Release|x64.Build.0 = Release|Any CPU
		{C57E0480-669C-486E-B606-748AFF13AE78}.Release|x86.ActiveCfg = Release|Any CPU
		{C57E0480-669C-486E-B606-748AFF13AE78}.Release|x86.Build.0 = Release|Any CPU
	EndGlobalSection
	GlobalSection(SolutionProperties) = preSolution
		HideSolutionNode = FALSE
	EndGlobalSection
	GlobalSection(NestedProjects) = preSolution
		{250CAB0E-A7F8-495B-B090-DB0AF1D51514} = {E502625D-7CC7-401B-ACDF-678B68F59005}
		{DBEB5ED3-4622-408E-92D9-EC60F316A5C9} = {E502625D-7CC7-401B-ACDF-678B68F59005}
		{90FDC9B8-335D-49AF-99F2-E826E2A40F69} = {E502625D-7CC7-401B-ACDF-678B68F59005}
		{7A002EA3-C69B-4C03-91D6-9369A12442D7} = {90FDC9B8-335D-49AF-99F2-E826E2A40F69}
		{BC10FCE0-C843-4592-802D-BB800A514CA0} = {90FDC9B8-335D-49AF-99F2-E826E2A40F69}
		{09D9C5AF-1D17-4C77-A5D4-CFDF278DF4A3} = {90FDC9B8-335D-49AF-99F2-E826E2A40F69}
		{1C5AD8F3-53CE-43AF-9332-A5496C24F9A6} = {90FDC9B8-335D-49AF-99F2-E826E2A40F69}
		{3EFC1D51-6E97-49D8-BF45-A3D8AA83B68F} = {90FDC9B8-335D-49AF-99F2-E826E2A40F69}
		{04F55548-4F47-4CF0-BA14-0FD04D01BDEA} = {90FDC9B8-335D-49AF-99F2-E826E2A40F69}
		{97A27409-A4FA-4D9D-BB48-B5087E55FD52} = {90FDC9B8-335D-49AF-99F2-E826E2A40F69}
		{BE068F99-1A40-4A4D-BF5E-80B2F1DD485D} = {DBEB5ED3-4622-408E-92D9-EC60F316A5C9}
		{E1584C1C-2434-480D-A98E-617E42ED8021} = {DBEB5ED3-4622-408E-92D9-EC60F316A5C9}
		{05269080-B7D0-487C-83EB-38474D08B8A1} = {DBEB5ED3-4622-408E-92D9-EC60F316A5C9}
		{E291C61C-F854-42FD-90DF-A1BA53B6E24B} = {DBEB5ED3-4622-408E-92D9-EC60F316A5C9}
		{9D628894-BDD8-470B-8DC9-7BF2F7073EE5} = {250CAB0E-A7F8-495B-B090-DB0AF1D51514}
		{C57E0480-669C-486E-B606-748AFF13AE78} = {250CAB0E-A7F8-495B-B090-DB0AF1D51514}
	EndGlobalSection
	GlobalSection(ExtensibilityGlobals) = postSolution
		SolutionGuid = {073E8F75-4201-49A3-BFBD-1B40D0B2E38A}
	EndGlobalSection
EndGlobal
